// !$*UTF8*$!
{
	archiveVersion = 1;
	classes = {
	};
	objectVersion = 50;
	objects = {

/* Begin PBXBuildFile section */
		177E99D2118FA62446637EF3 /* Pods_WrapItUpPaymentsUITests.framework in Frameworks */ = {isa = PBXBuildFile; fileRef = 4025E769CE5168B41A2323A1 /* Pods_WrapItUpPaymentsUITests.framework */; };
		631E9E642225CCBC0087A343 /* EditItemViewController.swift in Sources */ = {isa = PBXBuildFile; fileRef = 631E9E632225CCBC0087A343 /* EditItemViewController.swift */; };
		63265018220A0E9F00138B8B /* YourOrderViewController.swift in Sources */ = {isa = PBXBuildFile; fileRef = 63265017220A0E9F00138B8B /* YourOrderViewController.swift */; };
		6376CA0121B60536000F9952 /* MenuItemCell.swift in Sources */ = {isa = PBXBuildFile; fileRef = 6376CA0021B60536000F9952 /* MenuItemCell.swift */; };
		6376CA0321B6056E000F9952 /* MenuItem.swift in Sources */ = {isa = PBXBuildFile; fileRef = 6376CA0221B6056E000F9952 /* MenuItem.swift */; };
		6376CA0621B6089F000F9952 /* MenuTableViewController.swift in Sources */ = {isa = PBXBuildFile; fileRef = 6376CA0521B6089F000F9952 /* MenuTableViewController.swift */; };
		63BCC617221C721500CFEE8D /* MenuCollectionCell.swift in Sources */ = {isa = PBXBuildFile; fileRef = 63BCC616221C721500CFEE8D /* MenuCollectionCell.swift */; };
		63CE57ED21ADB14C00962B65 /* AppDelegate.swift in Sources */ = {isa = PBXBuildFile; fileRef = 63CE57EC21ADB14C00962B65 /* AppDelegate.swift */; };
		63CE57F221ADB14C00962B65 /* Main.storyboard in Resources */ = {isa = PBXBuildFile; fileRef = 63CE57F021ADB14C00962B65 /* Main.storyboard */; };
		63CE57F421ADB14F00962B65 /* Assets.xcassets in Resources */ = {isa = PBXBuildFile; fileRef = 63CE57F321ADB14F00962B65 /* Assets.xcassets */; };
		63CE57F721ADB14F00962B65 /* LaunchScreen.storyboard in Resources */ = {isa = PBXBuildFile; fileRef = 63CE57F521ADB14F00962B65 /* LaunchScreen.storyboard */; };
		63CE580221ADB14F00962B65 /* WrapItUpPaymentsTests.swift in Sources */ = {isa = PBXBuildFile; fileRef = 63CE580121ADB14F00962B65 /* WrapItUpPaymentsTests.swift */; };
		63CE580D21ADB14F00962B65 /* WrapItUpPaymentsUITests.swift in Sources */ = {isa = PBXBuildFile; fileRef = 63CE580C21ADB14F00962B65 /* WrapItUpPaymentsUITests.swift */; };
		63F2BBD92218DF960035368C /* YourOrderTableCell.swift in Sources */ = {isa = PBXBuildFile; fileRef = 63F2BBD82218DF960035368C /* YourOrderTableCell.swift */; };
		DB65B272E3C5E0C68634EB8C /* Pods_WrapItUpPayments.framework in Frameworks */ = {isa = PBXBuildFile; fileRef = A3B48ACFBB4787F8DCB42073 /* Pods_WrapItUpPayments.framework */; };
		F752D4CDAD2D3B683491670D /* Pods_WrapItUpPaymentsTests.framework in Frameworks */ = {isa = PBXBuildFile; fileRef = 4E446203C7EE3344B8B1FC41 /* Pods_WrapItUpPaymentsTests.framework */; };
/* End PBXBuildFile section */

/* Begin PBXContainerItemProxy section */
		63CE57FE21ADB14F00962B65 /* PBXContainerItemProxy */ = {
			isa = PBXContainerItemProxy;
			containerPortal = 63CE57E121ADB14C00962B65 /* Project object */;
			proxyType = 1;
			remoteGlobalIDString = 63CE57E821ADB14C00962B65;
			remoteInfo = FoodTruckPOS;
		};
		63CE580921ADB14F00962B65 /* PBXContainerItemProxy */ = {
			isa = PBXContainerItemProxy;
			containerPortal = 63CE57E121ADB14C00962B65 /* Project object */;
			proxyType = 1;
			remoteGlobalIDString = 63CE57E821ADB14C00962B65;
			remoteInfo = FoodTruckPOS;
		};
/* End PBXContainerItemProxy section */

/* Begin PBXFileReference section */
		0340A0AAF6E26DED4A82065E /* Pods-WrapItUpPaymentsUITests.release.xcconfig */ = {isa = PBXFileReference; includeInIndex = 1; lastKnownFileType = text.xcconfig; name = "Pods-WrapItUpPaymentsUITests.release.xcconfig"; path = "Target Support Files/Pods-WrapItUpPaymentsUITests/Pods-WrapItUpPaymentsUITests.release.xcconfig"; sourceTree = "<group>"; };
		0CEE9EB83C7D6613F1320768 /* Pods-WrapItUpPayments.debug.xcconfig */ = {isa = PBXFileReference; includeInIndex = 1; lastKnownFileType = text.xcconfig; name = "Pods-WrapItUpPayments.debug.xcconfig"; path = "Target Support Files/Pods-WrapItUpPayments/Pods-WrapItUpPayments.debug.xcconfig"; sourceTree = "<group>"; };
		1ACA94559B53C7BD4A284077 /* Pods-WrapItUpPaymentsUITests.debug.xcconfig */ = {isa = PBXFileReference; includeInIndex = 1; lastKnownFileType = text.xcconfig; name = "Pods-WrapItUpPaymentsUITests.debug.xcconfig"; path = "Target Support Files/Pods-WrapItUpPaymentsUITests/Pods-WrapItUpPaymentsUITests.debug.xcconfig"; sourceTree = "<group>"; };
		4025E769CE5168B41A2323A1 /* Pods_WrapItUpPaymentsUITests.framework */ = {isa = PBXFileReference; explicitFileType = wrapper.framework; includeInIndex = 0; path = Pods_WrapItUpPaymentsUITests.framework; sourceTree = BUILT_PRODUCTS_DIR; };
		4E446203C7EE3344B8B1FC41 /* Pods_WrapItUpPaymentsTests.framework */ = {isa = PBXFileReference; explicitFileType = wrapper.framework; includeInIndex = 0; path = Pods_WrapItUpPaymentsTests.framework; sourceTree = BUILT_PRODUCTS_DIR; };
		631E9E632225CCBC0087A343 /* EditItemViewController.swift */ = {isa = PBXFileReference; lastKnownFileType = sourcecode.swift; path = EditItemViewController.swift; sourceTree = "<group>"; };
		63265017220A0E9F00138B8B /* YourOrderViewController.swift */ = {isa = PBXFileReference; lastKnownFileType = sourcecode.swift; path = YourOrderViewController.swift; sourceTree = "<group>"; };
		6376CA0021B60536000F9952 /* MenuItemCell.swift */ = {isa = PBXFileReference; lastKnownFileType = sourcecode.swift; path = MenuItemCell.swift; sourceTree = "<group>"; };
		6376CA0221B6056E000F9952 /* MenuItem.swift */ = {isa = PBXFileReference; lastKnownFileType = sourcecode.swift; path = MenuItem.swift; sourceTree = "<group>"; };
		6376CA0521B6089F000F9952 /* MenuTableViewController.swift */ = {isa = PBXFileReference; lastKnownFileType = sourcecode.swift; path = MenuTableViewController.swift; sourceTree = "<group>"; };
		63BCC616221C721500CFEE8D /* MenuCollectionCell.swift */ = {isa = PBXFileReference; fileEncoding = 4; lastKnownFileType = sourcecode.swift; path = MenuCollectionCell.swift; sourceTree = "<group>"; };
		63CE57E921ADB14C00962B65 /* WrapItUpPayments.app */ = {isa = PBXFileReference; explicitFileType = wrapper.application; includeInIndex = 0; path = WrapItUpPayments.app; sourceTree = BUILT_PRODUCTS_DIR; };
		63CE57EC21ADB14C00962B65 /* AppDelegate.swift */ = {isa = PBXFileReference; lastKnownFileType = sourcecode.swift; path = AppDelegate.swift; sourceTree = "<group>"; };
		63CE57F121ADB14C00962B65 /* Base */ = {isa = PBXFileReference; lastKnownFileType = file.storyboard; name = Base; path = Base.lproj/Main.storyboard; sourceTree = "<group>"; };
		63CE57F321ADB14F00962B65 /* Assets.xcassets */ = {isa = PBXFileReference; lastKnownFileType = folder.assetcatalog; path = Assets.xcassets; sourceTree = "<group>"; };
		63CE57F621ADB14F00962B65 /* Base */ = {isa = PBXFileReference; lastKnownFileType = file.storyboard; name = Base; path = Base.lproj/LaunchScreen.storyboard; sourceTree = "<group>"; };
		63CE57F821ADB14F00962B65 /* Info.plist */ = {isa = PBXFileReference; lastKnownFileType = text.plist.xml; path = Info.plist; sourceTree = "<group>"; };
		63CE57FD21ADB14F00962B65 /* WrapItUpPaymentsTests.xctest */ = {isa = PBXFileReference; explicitFileType = wrapper.cfbundle; includeInIndex = 0; path = WrapItUpPaymentsTests.xctest; sourceTree = BUILT_PRODUCTS_DIR; };
		63CE580121ADB14F00962B65 /* WrapItUpPaymentsTests.swift */ = {isa = PBXFileReference; lastKnownFileType = sourcecode.swift; path = WrapItUpPaymentsTests.swift; sourceTree = "<group>"; };
		63CE580321ADB14F00962B65 /* Info.plist */ = {isa = PBXFileReference; lastKnownFileType = text.plist.xml; path = Info.plist; sourceTree = "<group>"; };
		63CE580821ADB14F00962B65 /* WrapItUpPaymentsUITests.xctest */ = {isa = PBXFileReference; explicitFileType = wrapper.cfbundle; includeInIndex = 0; path = WrapItUpPaymentsUITests.xctest; sourceTree = BUILT_PRODUCTS_DIR; };
		63CE580C21ADB14F00962B65 /* WrapItUpPaymentsUITests.swift */ = {isa = PBXFileReference; lastKnownFileType = sourcecode.swift; path = WrapItUpPaymentsUITests.swift; sourceTree = "<group>"; };
		63CE580E21ADB14F00962B65 /* Info.plist */ = {isa = PBXFileReference; lastKnownFileType = text.plist.xml; path = Info.plist; sourceTree = "<group>"; };
		63F2BBD82218DF960035368C /* YourOrderTableCell.swift */ = {isa = PBXFileReference; fileEncoding = 4; lastKnownFileType = sourcecode.swift; path = YourOrderTableCell.swift; sourceTree = "<group>"; };
		938CC53873C4DF82E8B3D36B /* Pods-WrapItUpPayments.release.xcconfig */ = {isa = PBXFileReference; includeInIndex = 1; lastKnownFileType = text.xcconfig; name = "Pods-WrapItUpPayments.release.xcconfig"; path = "Target Support Files/Pods-WrapItUpPayments/Pods-WrapItUpPayments.release.xcconfig"; sourceTree = "<group>"; };
		A3B48ACFBB4787F8DCB42073 /* Pods_WrapItUpPayments.framework */ = {isa = PBXFileReference; explicitFileType = wrapper.framework; includeInIndex = 0; path = Pods_WrapItUpPayments.framework; sourceTree = BUILT_PRODUCTS_DIR; };
		AD5E129FF61A48EF8515732F /* Pods-WrapItUpPaymentsTests.debug.xcconfig */ = {isa = PBXFileReference; includeInIndex = 1; lastKnownFileType = text.xcconfig; name = "Pods-WrapItUpPaymentsTests.debug.xcconfig"; path = "Target Support Files/Pods-WrapItUpPaymentsTests/Pods-WrapItUpPaymentsTests.debug.xcconfig"; sourceTree = "<group>"; };
		F17B7F16FEF261470CC3E441 /* Pods-WrapItUpPaymentsTests.release.xcconfig */ = {isa = PBXFileReference; includeInIndex = 1; lastKnownFileType = text.xcconfig; name = "Pods-WrapItUpPaymentsTests.release.xcconfig"; path = "Target Support Files/Pods-WrapItUpPaymentsTests/Pods-WrapItUpPaymentsTests.release.xcconfig"; sourceTree = "<group>"; };
/* End PBXFileReference section */

/* Begin PBXFrameworksBuildPhase section */
		63CE57E621ADB14C00962B65 /* Frameworks */ = {
			isa = PBXFrameworksBuildPhase;
			buildActionMask = 2147483647;
			files = (
				DB65B272E3C5E0C68634EB8C /* Pods_WrapItUpPayments.framework in Frameworks */,
			);
			runOnlyForDeploymentPostprocessing = 0;
		};
		63CE57FA21ADB14F00962B65 /* Frameworks */ = {
			isa = PBXFrameworksBuildPhase;
			buildActionMask = 2147483647;
			files = (
				F752D4CDAD2D3B683491670D /* Pods_WrapItUpPaymentsTests.framework in Frameworks */,
			);
			runOnlyForDeploymentPostprocessing = 0;
		};
		63CE580521ADB14F00962B65 /* Frameworks */ = {
			isa = PBXFrameworksBuildPhase;
			buildActionMask = 2147483647;
			files = (
				177E99D2118FA62446637EF3 /* Pods_WrapItUpPaymentsUITests.framework in Frameworks */,
			);
			runOnlyForDeploymentPostprocessing = 0;
		};
/* End PBXFrameworksBuildPhase section */

/* Begin PBXGroup section */
		5CF7457B263E9A198A48266A /* Frameworks */ = {
			isa = PBXGroup;
			children = (
				A3B48ACFBB4787F8DCB42073 /* Pods_WrapItUpPayments.framework */,
				4E446203C7EE3344B8B1FC41 /* Pods_WrapItUpPaymentsTests.framework */,
				4025E769CE5168B41A2323A1 /* Pods_WrapItUpPaymentsUITests.framework */,
			);
			name = Frameworks;
			sourceTree = "<group>";
		};
		632650132208B98200138B8B /* Model */ = {
			isa = PBXGroup;
			children = (
				63BCC616221C721500CFEE8D /* MenuCollectionCell.swift */,
				63F2BBD82218DF960035368C /* YourOrderTableCell.swift */,
				6376CA0221B6056E000F9952 /* MenuItem.swift */,
				6376CA0021B60536000F9952 /* MenuItemCell.swift */,
			);
			path = Model;
			sourceTree = "<group>";
		};
		632650162208B9CC00138B8B /* ViewControllers */ = {
			isa = PBXGroup;
			children = (
				6376CA0521B6089F000F9952 /* MenuTableViewController.swift */,
				63265017220A0E9F00138B8B /* YourOrderViewController.swift */,
				631E9E632225CCBC0087A343 /* EditItemViewController.swift */,
			);
			path = ViewControllers;
			sourceTree = "<group>";
		};
		63CE57E021ADB14C00962B65 = {
			isa = PBXGroup;
			children = (
				63CE57EB21ADB14C00962B65 /* WrapItUpPayments */,
				63CE580021ADB14F00962B65 /* WrapItUpPaymentsTests */,
				63CE580B21ADB14F00962B65 /* WrapItUpPaymentsUITests */,
				63CE57EA21ADB14C00962B65 /* Products */,
				9C950324912CD277638BE657 /* Pods */,
				5CF7457B263E9A198A48266A /* Frameworks */,
			);
			sourceTree = "<group>";
		};
		63CE57EA21ADB14C00962B65 /* Products */ = {
			isa = PBXGroup;
			children = (
				63CE57E921ADB14C00962B65 /* WrapItUpPayments.app */,
				63CE57FD21ADB14F00962B65 /* WrapItUpPaymentsTests.xctest */,
				63CE580821ADB14F00962B65 /* WrapItUpPaymentsUITests.xctest */,
			);
			name = Products;
			sourceTree = "<group>";
		};
		63CE57EB21ADB14C00962B65 /* WrapItUpPayments */ = {
			isa = PBXGroup;
			children = (
				632650162208B9CC00138B8B /* ViewControllers */,
				632650132208B98200138B8B /* Model */,
				63CE57EC21ADB14C00962B65 /* AppDelegate.swift */,
				63CE57F021ADB14C00962B65 /* Main.storyboard */,
				63CE57F321ADB14F00962B65 /* Assets.xcassets */,
				63CE57F521ADB14F00962B65 /* LaunchScreen.storyboard */,
				63CE57F821ADB14F00962B65 /* Info.plist */,
			);
			path = WrapItUpPayments;
			sourceTree = "<group>";
		};
		63CE580021ADB14F00962B65 /* WrapItUpPaymentsTests */ = {
			isa = PBXGroup;
			children = (
				63CE580121ADB14F00962B65 /* WrapItUpPaymentsTests.swift */,
				63CE580321ADB14F00962B65 /* Info.plist */,
			);
			path = WrapItUpPaymentsTests;
			sourceTree = "<group>";
		};
		63CE580B21ADB14F00962B65 /* WrapItUpPaymentsUITests */ = {
			isa = PBXGroup;
			children = (
				63CE580C21ADB14F00962B65 /* WrapItUpPaymentsUITests.swift */,
				63CE580E21ADB14F00962B65 /* Info.plist */,
			);
			path = WrapItUpPaymentsUITests;
			sourceTree = "<group>";
		};
		9C950324912CD277638BE657 /* Pods */ = {
			isa = PBXGroup;
			children = (
				0CEE9EB83C7D6613F1320768 /* Pods-WrapItUpPayments.debug.xcconfig */,
				938CC53873C4DF82E8B3D36B /* Pods-WrapItUpPayments.release.xcconfig */,
				AD5E129FF61A48EF8515732F /* Pods-WrapItUpPaymentsTests.debug.xcconfig */,
				F17B7F16FEF261470CC3E441 /* Pods-WrapItUpPaymentsTests.release.xcconfig */,
				1ACA94559B53C7BD4A284077 /* Pods-WrapItUpPaymentsUITests.debug.xcconfig */,
				0340A0AAF6E26DED4A82065E /* Pods-WrapItUpPaymentsUITests.release.xcconfig */,
			);
			path = Pods;
			sourceTree = "<group>";
		};
/* End PBXGroup section */

/* Begin PBXNativeTarget section */
		63CE57E821ADB14C00962B65 /* WrapItUpPayments */ = {
			isa = PBXNativeTarget;
			buildConfigurationList = 63CE581121ADB14F00962B65 /* Build configuration list for PBXNativeTarget "WrapItUpPayments" */;
			buildPhases = (
				628C6AF536AC2555BF72FE4A /* [CP] Check Pods Manifest.lock */,
				63CE57E521ADB14C00962B65 /* Sources */,
				63CE57E621ADB14C00962B65 /* Frameworks */,
				63CE57E721ADB14C00962B65 /* Resources */,
				DCAEB94E503F2BE0ABD460F4 /* [CP] Embed Pods Frameworks */,
			);
			buildRules = (
			);
			dependencies = (
			);
			name = WrapItUpPayments;
			productName = FoodTruckPOS;
			productReference = 63CE57E921ADB14C00962B65 /* WrapItUpPayments.app */;
			productType = "com.apple.product-type.application";
		};
		63CE57FC21ADB14F00962B65 /* WrapItUpPaymentsTests */ = {
			isa = PBXNativeTarget;
			buildConfigurationList = 63CE581421ADB14F00962B65 /* Build configuration list for PBXNativeTarget "WrapItUpPaymentsTests" */;
			buildPhases = (
				71B4EF96BC29D677CE9EE81B /* [CP] Check Pods Manifest.lock */,
				63CE57F921ADB14F00962B65 /* Sources */,
				63CE57FA21ADB14F00962B65 /* Frameworks */,
				63CE57FB21ADB14F00962B65 /* Resources */,
			);
			buildRules = (
			);
			dependencies = (
				63CE57FF21ADB14F00962B65 /* PBXTargetDependency */,
			);
			name = WrapItUpPaymentsTests;
			productName = FoodTruckPOSTests;
			productReference = 63CE57FD21ADB14F00962B65 /* WrapItUpPaymentsTests.xctest */;
			productType = "com.apple.product-type.bundle.unit-test";
		};
		63CE580721ADB14F00962B65 /* WrapItUpPaymentsUITests */ = {
			isa = PBXNativeTarget;
			buildConfigurationList = 63CE581721ADB14F00962B65 /* Build configuration list for PBXNativeTarget "WrapItUpPaymentsUITests" */;
			buildPhases = (
				7D0C6A23B0E87DC1A63F30AD /* [CP] Check Pods Manifest.lock */,
				63CE580421ADB14F00962B65 /* Sources */,
				63CE580521ADB14F00962B65 /* Frameworks */,
				63CE580621ADB14F00962B65 /* Resources */,
			);
			buildRules = (
			);
			dependencies = (
				63CE580A21ADB14F00962B65 /* PBXTargetDependency */,
			);
			name = WrapItUpPaymentsUITests;
			productName = FoodTruckPOSUITests;
			productReference = 63CE580821ADB14F00962B65 /* WrapItUpPaymentsUITests.xctest */;
			productType = "com.apple.product-type.bundle.ui-testing";
		};
/* End PBXNativeTarget section */

/* Begin PBXProject section */
		63CE57E121ADB14C00962B65 /* Project object */ = {
			isa = PBXProject;
			attributes = {
				LastSwiftUpdateCheck = 1010;
				LastUpgradeCheck = 1010;
				ORGANIZATIONNAME = "Derik Gagnon";
				TargetAttributes = {
					63CE57E821ADB14C00962B65 = {
						CreatedOnToolsVersion = 10.1;
						LastSwiftMigration = 1020;
					};
					63CE57FC21ADB14F00962B65 = {
						CreatedOnToolsVersion = 10.1;
						TestTargetID = 63CE57E821ADB14C00962B65;
					};
					63CE580721ADB14F00962B65 = {
						CreatedOnToolsVersion = 10.1;
						TestTargetID = 63CE57E821ADB14C00962B65;
					};
				};
			};
			buildConfigurationList = 63CE57E421ADB14C00962B65 /* Build configuration list for PBXProject "WrapItUpPayments" */;
			compatibilityVersion = "Xcode 9.3";
			developmentRegion = en;
			hasScannedForEncodings = 0;
			knownRegions = (
				en,
				Base,
			);
			mainGroup = 63CE57E021ADB14C00962B65;
			productRefGroup = 63CE57EA21ADB14C00962B65 /* Products */;
			projectDirPath = "";
			projectRoot = "";
			targets = (
				63CE57E821ADB14C00962B65 /* WrapItUpPayments */,
				63CE57FC21ADB14F00962B65 /* WrapItUpPaymentsTests */,
				63CE580721ADB14F00962B65 /* WrapItUpPaymentsUITests */,
			);
		};
/* End PBXProject section */

/* Begin PBXResourcesBuildPhase section */
		63CE57E721ADB14C00962B65 /* Resources */ = {
			isa = PBXResourcesBuildPhase;
			buildActionMask = 2147483647;
			files = (
				63CE57F721ADB14F00962B65 /* LaunchScreen.storyboard in Resources */,
				63CE57F421ADB14F00962B65 /* Assets.xcassets in Resources */,
				63CE57F221ADB14C00962B65 /* Main.storyboard in Resources */,
			);
			runOnlyForDeploymentPostprocessing = 0;
		};
		63CE57FB21ADB14F00962B65 /* Resources */ = {
			isa = PBXResourcesBuildPhase;
			buildActionMask = 2147483647;
			files = (
			);
			runOnlyForDeploymentPostprocessing = 0;
		};
		63CE580621ADB14F00962B65 /* Resources */ = {
			isa = PBXResourcesBuildPhase;
			buildActionMask = 2147483647;
			files = (
			);
			runOnlyForDeploymentPostprocessing = 0;
		};
/* End PBXResourcesBuildPhase section */

/* Begin PBXShellScriptBuildPhase section */
		628C6AF536AC2555BF72FE4A /* [CP] Check Pods Manifest.lock */ = {
			isa = PBXShellScriptBuildPhase;
			buildActionMask = 2147483647;
			files = (
			);
			inputFileListPaths = (
			);
			inputPaths = (
				"${PODS_PODFILE_DIR_PATH}/Podfile.lock",
				"${PODS_ROOT}/Manifest.lock",
			);
			name = "[CP] Check Pods Manifest.lock";
			outputFileListPaths = (
			);
			outputPaths = (
				"$(DERIVED_FILE_DIR)/Pods-WrapItUpPayments-checkManifestLockResult.txt",
			);
			runOnlyForDeploymentPostprocessing = 0;
			shellPath = /bin/sh;
			shellScript = "diff \"${PODS_PODFILE_DIR_PATH}/Podfile.lock\" \"${PODS_ROOT}/Manifest.lock\" > /dev/null\nif [ $? != 0 ] ; then\n    # print error to STDERR\n    echo \"error: The sandbox is not in sync with the Podfile.lock. Run 'pod install' or update your CocoaPods installation.\" >&2\n    exit 1\nfi\n# This output is used by Xcode 'outputs' to avoid re-running this script phase.\necho \"SUCCESS\" > \"${SCRIPT_OUTPUT_FILE_0}\"\n";
			showEnvVarsInLog = 0;
		};
		71B4EF96BC29D677CE9EE81B /* [CP] Check Pods Manifest.lock */ = {
			isa = PBXShellScriptBuildPhase;
			buildActionMask = 2147483647;
			files = (
			);
			inputFileListPaths = (
			);
			inputPaths = (
				"${PODS_PODFILE_DIR_PATH}/Podfile.lock",
				"${PODS_ROOT}/Manifest.lock",
			);
			name = "[CP] Check Pods Manifest.lock";
			outputFileListPaths = (
			);
			outputPaths = (
				"$(DERIVED_FILE_DIR)/Pods-WrapItUpPaymentsTests-checkManifestLockResult.txt",
			);
			runOnlyForDeploymentPostprocessing = 0;
			shellPath = /bin/sh;
			shellScript = "diff \"${PODS_PODFILE_DIR_PATH}/Podfile.lock\" \"${PODS_ROOT}/Manifest.lock\" > /dev/null\nif [ $? != 0 ] ; then\n    # print error to STDERR\n    echo \"error: The sandbox is not in sync with the Podfile.lock. Run 'pod install' or update your CocoaPods installation.\" >&2\n    exit 1\nfi\n# This output is used by Xcode 'outputs' to avoid re-running this script phase.\necho \"SUCCESS\" > \"${SCRIPT_OUTPUT_FILE_0}\"\n";
			showEnvVarsInLog = 0;
		};
		7D0C6A23B0E87DC1A63F30AD /* [CP] Check Pods Manifest.lock */ = {
			isa = PBXShellScriptBuildPhase;
			buildActionMask = 2147483647;
			files = (
			);
			inputFileListPaths = (
			);
			inputPaths = (
				"${PODS_PODFILE_DIR_PATH}/Podfile.lock",
				"${PODS_ROOT}/Manifest.lock",
			);
			name = "[CP] Check Pods Manifest.lock";
			outputFileListPaths = (
			);
			outputPaths = (
				"$(DERIVED_FILE_DIR)/Pods-WrapItUpPaymentsUITests-checkManifestLockResult.txt",
			);
			runOnlyForDeploymentPostprocessing = 0;
			shellPath = /bin/sh;
			shellScript = "diff \"${PODS_PODFILE_DIR_PATH}/Podfile.lock\" \"${PODS_ROOT}/Manifest.lock\" > /dev/null\nif [ $? != 0 ] ; then\n    # print error to STDERR\n    echo \"error: The sandbox is not in sync with the Podfile.lock. Run 'pod install' or update your CocoaPods installation.\" >&2\n    exit 1\nfi\n# This output is used by Xcode 'outputs' to avoid re-running this script phase.\necho \"SUCCESS\" > \"${SCRIPT_OUTPUT_FILE_0}\"\n";
			showEnvVarsInLog = 0;
		};
		DCAEB94E503F2BE0ABD460F4 /* [CP] Embed Pods Frameworks */ = {
			isa = PBXShellScriptBuildPhase;
			buildActionMask = 2147483647;
			files = (
			);
			inputFileListPaths = (
			);
			inputPaths = (
				"${PODS_ROOT}/Target Support Files/Pods-WrapItUpPayments/Pods-WrapItUpPayments-frameworks.sh",
				"${BUILT_PRODUCTS_DIR}/SquarePointOfSaleSDK/SquarePointOfSaleSDK.framework",
			);
			name = "[CP] Embed Pods Frameworks";
			outputFileListPaths = (
			);
			outputPaths = (
				"${TARGET_BUILD_DIR}/${FRAMEWORKS_FOLDER_PATH}/SquarePointOfSaleSDK.framework",
			);
			runOnlyForDeploymentPostprocessing = 0;
			shellPath = /bin/sh;
			shellScript = "\"${PODS_ROOT}/Target Support Files/Pods-WrapItUpPayments/Pods-WrapItUpPayments-frameworks.sh\"\n";
			showEnvVarsInLog = 0;
		};
/* End PBXShellScriptBuildPhase section */

/* Begin PBXSourcesBuildPhase section */
		63CE57E521ADB14C00962B65 /* Sources */ = {
			isa = PBXSourcesBuildPhase;
			buildActionMask = 2147483647;
			files = (
				6376CA0621B6089F000F9952 /* MenuTableViewController.swift in Sources */,
				6376CA0321B6056E000F9952 /* MenuItem.swift in Sources */,
				63F2BBD92218DF960035368C /* YourOrderTableCell.swift in Sources */,
				631E9E642225CCBC0087A343 /* EditItemViewController.swift in Sources */,
				6376CA0121B60536000F9952 /* MenuItemCell.swift in Sources */,
				63BCC617221C721500CFEE8D /* MenuCollectionCell.swift in Sources */,
				63265018220A0E9F00138B8B /* YourOrderViewController.swift in Sources */,
				63CE57ED21ADB14C00962B65 /* AppDelegate.swift in Sources */,
			);
			runOnlyForDeploymentPostprocessing = 0;
		};
		63CE57F921ADB14F00962B65 /* Sources */ = {
			isa = PBXSourcesBuildPhase;
			buildActionMask = 2147483647;
			files = (
				63CE580221ADB14F00962B65 /* WrapItUpPaymentsTests.swift in Sources */,
			);
			runOnlyForDeploymentPostprocessing = 0;
		};
		63CE580421ADB14F00962B65 /* Sources */ = {
			isa = PBXSourcesBuildPhase;
			buildActionMask = 2147483647;
			files = (
				63CE580D21ADB14F00962B65 /* WrapItUpPaymentsUITests.swift in Sources */,
			);
			runOnlyForDeploymentPostprocessing = 0;
		};
/* End PBXSourcesBuildPhase section */

/* Begin PBXTargetDependency section */
		63CE57FF21ADB14F00962B65 /* PBXTargetDependency */ = {
			isa = PBXTargetDependency;
			target = 63CE57E821ADB14C00962B65 /* WrapItUpPayments */;
			targetProxy = 63CE57FE21ADB14F00962B65 /* PBXContainerItemProxy */;
		};
		63CE580A21ADB14F00962B65 /* PBXTargetDependency */ = {
			isa = PBXTargetDependency;
			target = 63CE57E821ADB14C00962B65 /* WrapItUpPayments */;
			targetProxy = 63CE580921ADB14F00962B65 /* PBXContainerItemProxy */;
		};
/* End PBXTargetDependency section */

/* Begin PBXVariantGroup section */
		63CE57F021ADB14C00962B65 /* Main.storyboard */ = {
			isa = PBXVariantGroup;
			children = (
				63CE57F121ADB14C00962B65 /* Base */,
			);
			name = Main.storyboard;
			sourceTree = "<group>";
		};
		63CE57F521ADB14F00962B65 /* LaunchScreen.storyboard */ = {
			isa = PBXVariantGroup;
			children = (
				63CE57F621ADB14F00962B65 /* Base */,
			);
			name = LaunchScreen.storyboard;
			sourceTree = "<group>";
		};
/* End PBXVariantGroup section */

/* Begin XCBuildConfiguration section */
		63CE580F21ADB14F00962B65 /* Debug */ = {
			isa = XCBuildConfiguration;
			buildSettings = {
				ALWAYS_SEARCH_USER_PATHS = NO;
				CLANG_ANALYZER_NONNULL = YES;
				CLANG_ANALYZER_NUMBER_OBJECT_CONVERSION = YES_AGGRESSIVE;
				CLANG_CXX_LANGUAGE_STANDARD = "gnu++14";
				CLANG_CXX_LIBRARY = "libc++";
				CLANG_ENABLE_MODULES = YES;
				CLANG_ENABLE_OBJC_ARC = YES;
				CLANG_ENABLE_OBJC_WEAK = YES;
				CLANG_WARN_BLOCK_CAPTURE_AUTORELEASING = YES;
				CLANG_WARN_BOOL_CONVERSION = YES;
				CLANG_WARN_COMMA = YES;
				CLANG_WARN_CONSTANT_CONVERSION = YES;
				CLANG_WARN_DEPRECATED_OBJC_IMPLEMENTATIONS = YES;
				CLANG_WARN_DIRECT_OBJC_ISA_USAGE = YES_ERROR;
				CLANG_WARN_DOCUMENTATION_COMMENTS = YES;
				CLANG_WARN_EMPTY_BODY = YES;
				CLANG_WARN_ENUM_CONVERSION = YES;
				CLANG_WARN_INFINITE_RECURSION = YES;
				CLANG_WARN_INT_CONVERSION = YES;
				CLANG_WARN_NON_LITERAL_NULL_CONVERSION = YES;
				CLANG_WARN_OBJC_IMPLICIT_RETAIN_SELF = YES;
				CLANG_WARN_OBJC_LITERAL_CONVERSION = YES;
				CLANG_WARN_OBJC_ROOT_CLASS = YES_ERROR;
				CLANG_WARN_RANGE_LOOP_ANALYSIS = YES;
				CLANG_WARN_STRICT_PROTOTYPES = YES;
				CLANG_WARN_SUSPICIOUS_MOVE = YES;
				CLANG_WARN_UNGUARDED_AVAILABILITY = YES_AGGRESSIVE;
				CLANG_WARN_UNREACHABLE_CODE = YES;
				CLANG_WARN__DUPLICATE_METHOD_MATCH = YES;
				CODE_SIGN_IDENTITY = "iPhone Developer";
				COPY_PHASE_STRIP = NO;
				DEBUG_INFORMATION_FORMAT = dwarf;
				ENABLE_STRICT_OBJC_MSGSEND = YES;
				ENABLE_TESTABILITY = YES;
				GCC_C_LANGUAGE_STANDARD = gnu11;
				GCC_DYNAMIC_NO_PIC = NO;
				GCC_NO_COMMON_BLOCKS = YES;
				GCC_OPTIMIZATION_LEVEL = 0;
				GCC_PREPROCESSOR_DEFINITIONS = (
					"DEBUG=1",
					"$(inherited)",
				);
				GCC_WARN_64_TO_32_BIT_CONVERSION = YES;
				GCC_WARN_ABOUT_RETURN_TYPE = YES_ERROR;
				GCC_WARN_UNDECLARED_SELECTOR = YES;
				GCC_WARN_UNINITIALIZED_AUTOS = YES_AGGRESSIVE;
				GCC_WARN_UNUSED_FUNCTION = YES;
				GCC_WARN_UNUSED_VARIABLE = YES;
				IPHONEOS_DEPLOYMENT_TARGET = 12.1;
				MTL_ENABLE_DEBUG_INFO = INCLUDE_SOURCE;
				MTL_FAST_MATH = YES;
				ONLY_ACTIVE_ARCH = YES;
				SDKROOT = iphoneos;
				SWIFT_ACTIVE_COMPILATION_CONDITIONS = DEBUG;
				SWIFT_OPTIMIZATION_LEVEL = "-Onone";
			};
			name = Debug;
		};
		63CE581021ADB14F00962B65 /* Release */ = {
			isa = XCBuildConfiguration;
			buildSettings = {
				ALWAYS_SEARCH_USER_PATHS = NO;
				CLANG_ANALYZER_NONNULL = YES;
				CLANG_ANALYZER_NUMBER_OBJECT_CONVERSION = YES_AGGRESSIVE;
				CLANG_CXX_LANGUAGE_STANDARD = "gnu++14";
				CLANG_CXX_LIBRARY = "libc++";
				CLANG_ENABLE_MODULES = YES;
				CLANG_ENABLE_OBJC_ARC = YES;
				CLANG_ENABLE_OBJC_WEAK = YES;
				CLANG_WARN_BLOCK_CAPTURE_AUTORELEASING = YES;
				CLANG_WARN_BOOL_CONVERSION = YES;
				CLANG_WARN_COMMA = YES;
				CLANG_WARN_CONSTANT_CONVERSION = YES;
				CLANG_WARN_DEPRECATED_OBJC_IMPLEMENTATIONS = YES;
				CLANG_WARN_DIRECT_OBJC_ISA_USAGE = YES_ERROR;
				CLANG_WARN_DOCUMENTATION_COMMENTS = YES;
				CLANG_WARN_EMPTY_BODY = YES;
				CLANG_WARN_ENUM_CONVERSION = YES;
				CLANG_WARN_INFINITE_RECURSION = YES;
				CLANG_WARN_INT_CONVERSION = YES;
				CLANG_WARN_NON_LITERAL_NULL_CONVERSION = YES;
				CLANG_WARN_OBJC_IMPLICIT_RETAIN_SELF = YES;
				CLANG_WARN_OBJC_LITERAL_CONVERSION = YES;
				CLANG_WARN_OBJC_ROOT_CLASS = YES_ERROR;
				CLANG_WARN_RANGE_LOOP_ANALYSIS = YES;
				CLANG_WARN_STRICT_PROTOTYPES = YES;
				CLANG_WARN_SUSPICIOUS_MOVE = YES;
				CLANG_WARN_UNGUARDED_AVAILABILITY = YES_AGGRESSIVE;
				CLANG_WARN_UNREACHABLE_CODE = YES;
				CLANG_WARN__DUPLICATE_METHOD_MATCH = YES;
				CODE_SIGN_IDENTITY = "iPhone Developer";
				COPY_PHASE_STRIP = NO;
				DEBUG_INFORMATION_FORMAT = "dwarf-with-dsym";
				ENABLE_NS_ASSERTIONS = NO;
				ENABLE_STRICT_OBJC_MSGSEND = YES;
				GCC_C_LANGUAGE_STANDARD = gnu11;
				GCC_NO_COMMON_BLOCKS = YES;
				GCC_WARN_64_TO_32_BIT_CONVERSION = YES;
				GCC_WARN_ABOUT_RETURN_TYPE = YES_ERROR;
				GCC_WARN_UNDECLARED_SELECTOR = YES;
				GCC_WARN_UNINITIALIZED_AUTOS = YES_AGGRESSIVE;
				GCC_WARN_UNUSED_FUNCTION = YES;
				GCC_WARN_UNUSED_VARIABLE = YES;
				IPHONEOS_DEPLOYMENT_TARGET = 12.1;
				MTL_ENABLE_DEBUG_INFO = NO;
				MTL_FAST_MATH = YES;
				SDKROOT = iphoneos;
				SWIFT_COMPILATION_MODE = wholemodule;
				SWIFT_OPTIMIZATION_LEVEL = "-O";
				VALIDATE_PRODUCT = YES;
			};
			name = Release;
		};
		63CE581221ADB14F00962B65 /* Debug */ = {
			isa = XCBuildConfiguration;
			baseConfigurationReference = 0CEE9EB83C7D6613F1320768 /* Pods-WrapItUpPayments.debug.xcconfig */;
			buildSettings = {
				ASSETCATALOG_COMPILER_APPICON_NAME = AppIcon;
				CODE_SIGN_STYLE = Automatic;
				DEVELOPMENT_TEAM = VVLNAMCYVC;
				INFOPLIST_FILE = WrapItUpPayments/Info.plist;
				LD_RUNPATH_SEARCH_PATHS = (
					"$(inherited)",
					"@executable_path/Frameworks",
				);
				PRODUCT_BUNDLE_IDENTIFIER = com.derikGagnon.WrapItUpPayments;
				PRODUCT_NAME = "$(TARGET_NAME)";
				SWIFT_VERSION = 5.0;
				TARGETED_DEVICE_FAMILY = 2;
			};
			name = Debug;
		};
		63CE581321ADB14F00962B65 /* Release */ = {
			isa = XCBuildConfiguration;
			baseConfigurationReference = 938CC53873C4DF82E8B3D36B /* Pods-WrapItUpPayments.release.xcconfig */;
			buildSettings = {
				ASSETCATALOG_COMPILER_APPICON_NAME = AppIcon;
				CODE_SIGN_STYLE = Automatic;
				DEVELOPMENT_TEAM = VVLNAMCYVC;
				INFOPLIST_FILE = WrapItUpPayments/Info.plist;
				LD_RUNPATH_SEARCH_PATHS = (
					"$(inherited)",
					"@executable_path/Frameworks",
				);
				PRODUCT_BUNDLE_IDENTIFIER = com.derikGagnon.WrapItUpPayments;
				PRODUCT_NAME = "$(TARGET_NAME)";
				SWIFT_VERSION = 5.0;
				TARGETED_DEVICE_FAMILY = 2;
			};
			name = Release;
		};
		63CE581521ADB14F00962B65 /* Debug */ = {
			isa = XCBuildConfiguration;
			baseConfigurationReference = AD5E129FF61A48EF8515732F /* Pods-WrapItUpPaymentsTests.debug.xcconfig */;
			buildSettings = {
				ALWAYS_EMBED_SWIFT_STANDARD_LIBRARIES = YES;
				BUNDLE_LOADER = "$(TEST_HOST)";
				CODE_SIGN_STYLE = Automatic;
				INFOPLIST_FILE = FoodTruckPOSTests/Info.plist;
				LD_RUNPATH_SEARCH_PATHS = (
					"$(inherited)",
					"@executable_path/Frameworks",
					"@loader_path/Frameworks",
				);
				PRODUCT_BUNDLE_IDENTIFIER = undergrad.FoodTruckPOSTests;
				PRODUCT_NAME = "$(TARGET_NAME)";
				SWIFT_VERSION = 4.2;
				TARGETED_DEVICE_FAMILY = "1,2";
				TEST_HOST = "$(BUILT_PRODUCTS_DIR)/WrapItUpPayments.app/WrapItUpPayments";
			};
			name = Debug;
		};
		63CE581621ADB14F00962B65 /* Release */ = {
			isa = XCBuildConfiguration;
			baseConfigurationReference = F17B7F16FEF261470CC3E441 /* Pods-WrapItUpPaymentsTests.release.xcconfig */;
			buildSettings = {
				ALWAYS_EMBED_SWIFT_STANDARD_LIBRARIES = YES;
				BUNDLE_LOADER = "$(TEST_HOST)";
				CODE_SIGN_STYLE = Automatic;
				INFOPLIST_FILE = FoodTruckPOSTests/Info.plist;
				LD_RUNPATH_SEARCH_PATHS = (
					"$(inherited)",
					"@executable_path/Frameworks",
					"@loader_path/Frameworks",
				);
				PRODUCT_BUNDLE_IDENTIFIER = undergrad.FoodTruckPOSTests;
				PRODUCT_NAME = "$(TARGET_NAME)";
				SWIFT_VERSION = 4.2;
				TARGETED_DEVICE_FAMILY = "1,2";
				TEST_HOST = "$(BUILT_PRODUCTS_DIR)/WrapItUpPayments.app/WrapItUpPayments";
			};
			name = Release;
		};
		63CE581821ADB14F00962B65 /* Debug */ = {
			isa = XCBuildConfiguration;
			baseConfigurationReference = 1ACA94559B53C7BD4A284077 /* Pods-WrapItUpPaymentsUITests.debug.xcconfig */;
			buildSettings = {
				ALWAYS_EMBED_SWIFT_STANDARD_LIBRARIES = YES;
				CODE_SIGN_STYLE = Automatic;
				INFOPLIST_FILE = FoodTruckPOSUITests/Info.plist;
				LD_RUNPATH_SEARCH_PATHS = (
					"$(inherited)",
					"@executable_path/Frameworks",
					"@loader_path/Frameworks",
				);
				PRODUCT_BUNDLE_IDENTIFIER = undergrad.FoodTruckPOSUITests;
				PRODUCT_NAME = "$(TARGET_NAME)";
				SWIFT_VERSION = 4.2;
				TARGETED_DEVICE_FAMILY = "1,2";
				TEST_TARGET_NAME = FoodTruckPOS;
			};
			name = Debug;
		};
		63CE581921ADB14F00962B65 /* Release */ = {
			isa = XCBuildConfiguration;
			baseConfigurationReference = 0340A0AAF6E26DED4A82065E /* Pods-WrapItUpPaymentsUITests.release.xcconfig */;
			buildSettings = {
				ALWAYS_EMBED_SWIFT_STANDARD_LIBRARIES = YES;
				CODE_SIGN_STYLE = Automatic;
				INFOPLIST_FILE = FoodTruckPOSUITests/Info.plist;
				LD_RUNPATH_SEARCH_PATHS = (
					"$(inherited)",
					"@executable_path/Frameworks",
					"@loader_path/Frameworks",
				);
				PRODUCT_BUNDLE_IDENTIFIER = undergrad.FoodTruckPOSUITests;
				PRODUCT_NAME = "$(TARGET_NAME)";
				SWIFT_VERSION = 4.2;
				TARGETED_DEVICE_FAMILY = "1,2";
				TEST_TARGET_NAME = FoodTruckPOS;
			};
			name = Release;
		};
/* End XCBuildConfiguration section */

/* Begin XCConfigurationList section */
		63CE57E421ADB14C00962B65 /* Build configuration list for PBXProject "WrapItUpPayments" */ = {
			isa = XCConfigurationList;
			buildConfigurations = (
				63CE580F21ADB14F00962B65 /* Debug */,
				63CE581021ADB14F00962B65 /* Release */,
			);
			defaultConfigurationIsVisible = 0;
			defaultConfigurationName = Release;
		};
		63CE581121ADB14F00962B65 /* Build configuration list for PBXNativeTarget "WrapItUpPayments" */ = {
			isa = XCConfigurationList;
			buildConfigurations = (
				63CE581221ADB14F00962B65 /* Debug */,
				63CE581321ADB14F00962B65 /* Release */,
			);
			defaultConfigurationIsVisible = 0;
			defaultConfigurationName = Release;
		};
		63CE581421ADB14F00962B65 /* Build configuration list for PBXNativeTarget "WrapItUpPaymentsTests" */ = {
			isa = XCConfigurationList;
			buildConfigurations = (
				63CE581521ADB14F00962B65 /* Debug */,
				63CE581621ADB14F00962B65 /* Release */,
			);
			defaultConfigurationIsVisible = 0;
			defaultConfigurationName = Release;
		};
		63CE581721ADB14F00962B65 /* Build configuration list for PBXNativeTarget "WrapItUpPaymentsUITests" */ = {
			isa = XCConfigurationList;
			buildConfigurations = (
				63CE581821ADB14F00962B65 /* Debug */,
				63CE581921ADB14F00962B65 /* Release */,
			);
			defaultConfigurationIsVisible = 0;
			defaultConfigurationName = Release;
		};
/* End XCConfigurationList section */
	};
	rootObject = 63CE57E121ADB14C00962B65 /* Project object */;
}
