// !$*UTF8*$!
{
	archiveVersion = 1;
	classes = {
	};
	objectVersion = 56;
	objects = {

/* Begin PBXBuildFile section */
		63265018220A0E9F00138B8B /* YourOrderViewController.swift in Sources */ = {isa = PBXBuildFile; fileRef = 63265017220A0E9F00138B8B /* YourOrderViewController.swift */; };
		63533AC0224C33E900A7B46F /* GoogleService-Info.plist in Resources */ = {isa = PBXBuildFile; fileRef = 63533ABF224C33E900A7B46F /* GoogleService-Info.plist */; };
		63533AC2224EAE3C00A7B46F /* UserLoginViewController.swift in Sources */ = {isa = PBXBuildFile; fileRef = 63533AC1224EAE3C00A7B46F /* UserLoginViewController.swift */; };
		6376CA0121B60536000F9952 /* MenuItemCell.swift in Sources */ = {isa = PBXBuildFile; fileRef = 6376CA0021B60536000F9952 /* MenuItemCell.swift */; };
		6376CA0321B6056E000F9952 /* MenuItem.swift in Sources */ = {isa = PBXBuildFile; fileRef = 6376CA0221B6056E000F9952 /* MenuItem.swift */; };
		6376CA0621B6089F000F9952 /* MenuTableViewController.swift in Sources */ = {isa = PBXBuildFile; fileRef = 6376CA0521B6089F000F9952 /* MenuTableViewController.swift */; };
		63BCC617221C721500CFEE8D /* MenuCollectionCell.swift in Sources */ = {isa = PBXBuildFile; fileRef = 63BCC616221C721500CFEE8D /* MenuCollectionCell.swift */; };
		63CE57ED21ADB14C00962B65 /* AppDelegate.swift in Sources */ = {isa = PBXBuildFile; fileRef = 63CE57EC21ADB14C00962B65 /* AppDelegate.swift */; };
		63CE57F221ADB14C00962B65 /* Main.storyboard in Resources */ = {isa = PBXBuildFile; fileRef = 63CE57F021ADB14C00962B65 /* Main.storyboard */; };
		63CE57F421ADB14F00962B65 /* Assets.xcassets in Resources */ = {isa = PBXBuildFile; fileRef = 63CE57F321ADB14F00962B65 /* Assets.xcassets */; };
		63CE57F721ADB14F00962B65 /* LaunchScreen.storyboard in Resources */ = {isa = PBXBuildFile; fileRef = 63CE57F521ADB14F00962B65 /* LaunchScreen.storyboard */; };
		63D9B83D225BD7EE00C0FF5A /* PlaceOrderViewController.swift in Sources */ = {isa = PBXBuildFile; fileRef = 63D9B83C225BD7EE00C0FF5A /* PlaceOrderViewController.swift */; };
		63D9B83F225D184500C0FF5A /* ItemDetailViewController.swift in Sources */ = {isa = PBXBuildFile; fileRef = 63D9B83E225D184500C0FF5A /* ItemDetailViewController.swift */; };
		63F2BBD92218DF960035368C /* YourOrderTableCell.swift in Sources */ = {isa = PBXBuildFile; fileRef = 63F2BBD82218DF960035368C /* YourOrderTableCell.swift */; };
		A7C798A729E4EA93009B3A4A /* FirebaseAnalytics in Frameworks */ = {isa = PBXBuildFile; productRef = A7C798A629E4EA93009B3A4A /* FirebaseAnalytics */; };
		A7C798A929E4EA93009B3A4A /* FirebaseAnalyticsSwift in Frameworks */ = {isa = PBXBuildFile; productRef = A7C798A829E4EA93009B3A4A /* FirebaseAnalyticsSwift */; };
		A7C798AB29E4EA93009B3A4A /* FirebaseAuth in Frameworks */ = {isa = PBXBuildFile; productRef = A7C798AA29E4EA93009B3A4A /* FirebaseAuth */; };
		A7C798AD29E4EA93009B3A4A /* FirebaseCrashlytics in Frameworks */ = {isa = PBXBuildFile; productRef = A7C798AC29E4EA93009B3A4A /* FirebaseCrashlytics */; };
		A7C798AF29E4EA93009B3A4A /* FirebaseDatabase in Frameworks */ = {isa = PBXBuildFile; productRef = A7C798AE29E4EA93009B3A4A /* FirebaseDatabase */; };
		A7C798B129E4EA93009B3A4A /* FirebaseDatabaseSwift in Frameworks */ = {isa = PBXBuildFile; productRef = A7C798B029E4EA93009B3A4A /* FirebaseDatabaseSwift */; };
		A7C798B329E4EA93009B3A4A /* FirebaseFirestore in Frameworks */ = {isa = PBXBuildFile; productRef = A7C798B229E4EA93009B3A4A /* FirebaseFirestore */; };
		A7C798B529E4EA93009B3A4A /* FirebaseFirestoreSwift in Frameworks */ = {isa = PBXBuildFile; productRef = A7C798B429E4EA93009B3A4A /* FirebaseFirestoreSwift */; };
		A7C798B729E4EA93009B3A4A /* FirebaseStorage in Frameworks */ = {isa = PBXBuildFile; productRef = A7C798B629E4EA93009B3A4A /* FirebaseStorage */; };
		A7C798BA29E4EBE4009B3A4A /* SquarePointOfSaleSDK in Frameworks */ = {isa = PBXBuildFile; productRef = A7C798B929E4EBE4009B3A4A /* SquarePointOfSaleSDK */; };
		A7C798BD29E4F20C009B3A4A /* FirebaseAuthUI in Frameworks */ = {isa = PBXBuildFile; productRef = A7C798BC29E4F20C009B3A4A /* FirebaseAuthUI */; };
		A7C798BF29E4F20C009B3A4A /* FirebaseEmailAuthUI in Frameworks */ = {isa = PBXBuildFile; productRef = A7C798BE29E4F20C009B3A4A /* FirebaseEmailAuthUI */; };
		A7C798C129E4F20C009B3A4A /* FirebaseFacebookAuthUI in Frameworks */ = {isa = PBXBuildFile; productRef = A7C798C029E4F20C009B3A4A /* FirebaseFacebookAuthUI */; };
		A7C798C429E4F338009B3A4A /* SDWebImage in Frameworks */ = {isa = PBXBuildFile; productRef = A7C798C329E4F338009B3A4A /* SDWebImage */; };
		A7C798C729E4F3C8009B3A4A /* FirebaseGoogleAuthUI in Frameworks */ = {isa = PBXBuildFile; productRef = A7C798C629E4F3C8009B3A4A /* FirebaseGoogleAuthUI */; };
/* End PBXBuildFile section */

/* Begin PBXFileReference section */
		63265017220A0E9F00138B8B /* YourOrderViewController.swift */ = {isa = PBXFileReference; lastKnownFileType = sourcecode.swift; path = YourOrderViewController.swift; sourceTree = "<group>"; };
		63533ABF224C33E900A7B46F /* GoogleService-Info.plist */ = {isa = PBXFileReference; fileEncoding = 4; lastKnownFileType = text.plist.xml; path = "GoogleService-Info.plist"; sourceTree = "<group>"; };
		63533AC1224EAE3C00A7B46F /* UserLoginViewController.swift */ = {isa = PBXFileReference; lastKnownFileType = sourcecode.swift; path = UserLoginViewController.swift; sourceTree = "<group>"; };
		6376CA0021B60536000F9952 /* MenuItemCell.swift */ = {isa = PBXFileReference; lastKnownFileType = sourcecode.swift; path = MenuItemCell.swift; sourceTree = "<group>"; };
		6376CA0221B6056E000F9952 /* MenuItem.swift */ = {isa = PBXFileReference; lastKnownFileType = sourcecode.swift; path = MenuItem.swift; sourceTree = "<group>"; };
		6376CA0521B6089F000F9952 /* MenuTableViewController.swift */ = {isa = PBXFileReference; lastKnownFileType = sourcecode.swift; path = MenuTableViewController.swift; sourceTree = "<group>"; };
		63BCC616221C721500CFEE8D /* MenuCollectionCell.swift */ = {isa = PBXFileReference; fileEncoding = 4; lastKnownFileType = sourcecode.swift; path = MenuCollectionCell.swift; sourceTree = "<group>"; };
		63CE57E921ADB14C00962B65 /* WrapItUpPayments.app */ = {isa = PBXFileReference; explicitFileType = wrapper.application; includeInIndex = 0; path = WrapItUpPayments.app; sourceTree = BUILT_PRODUCTS_DIR; };
		63CE57EC21ADB14C00962B65 /* AppDelegate.swift */ = {isa = PBXFileReference; lastKnownFileType = sourcecode.swift; path = AppDelegate.swift; sourceTree = "<group>"; };
		63CE57F121ADB14C00962B65 /* Base */ = {isa = PBXFileReference; lastKnownFileType = file.storyboard; name = Base; path = Base.lproj/Main.storyboard; sourceTree = "<group>"; };
		63CE57F321ADB14F00962B65 /* Assets.xcassets */ = {isa = PBXFileReference; lastKnownFileType = folder.assetcatalog; path = Assets.xcassets; sourceTree = "<group>"; };
		63CE57F621ADB14F00962B65 /* Base */ = {isa = PBXFileReference; lastKnownFileType = file.storyboard; name = Base; path = Base.lproj/LaunchScreen.storyboard; sourceTree = "<group>"; };
		63CE57F821ADB14F00962B65 /* Info.plist */ = {isa = PBXFileReference; lastKnownFileType = text.plist.xml; path = Info.plist; sourceTree = "<group>"; };
		63D9B83C225BD7EE00C0FF5A /* PlaceOrderViewController.swift */ = {isa = PBXFileReference; fileEncoding = 4; lastKnownFileType = sourcecode.swift; path = PlaceOrderViewController.swift; sourceTree = "<group>"; };
		63D9B83E225D184500C0FF5A /* ItemDetailViewController.swift */ = {isa = PBXFileReference; lastKnownFileType = sourcecode.swift; path = ItemDetailViewController.swift; sourceTree = "<group>"; };
		63D9B84C225E7F1300C0FF5A /* Wrap_It_Up_Payments_Tests.swift */ = {isa = PBXFileReference; lastKnownFileType = sourcecode.swift; path = Wrap_It_Up_Payments_Tests.swift; sourceTree = "<group>"; };
		63D9B84E225E7F1300C0FF5A /* Info.plist */ = {isa = PBXFileReference; lastKnownFileType = text.plist.xml; path = Info.plist; sourceTree = "<group>"; };
		63D9B85A225E7F3000C0FF5A /* Wrap_It_Up_Payments_UITests.swift */ = {isa = PBXFileReference; lastKnownFileType = sourcecode.swift; path = Wrap_It_Up_Payments_UITests.swift; sourceTree = "<group>"; };
		63D9B85C225E7F3000C0FF5A /* Info.plist */ = {isa = PBXFileReference; lastKnownFileType = text.plist.xml; path = Info.plist; sourceTree = "<group>"; };
		63F2BBD82218DF960035368C /* YourOrderTableCell.swift */ = {isa = PBXFileReference; fileEncoding = 4; lastKnownFileType = sourcecode.swift; path = YourOrderTableCell.swift; sourceTree = "<group>"; };
/* End PBXFileReference section */

/* Begin PBXFrameworksBuildPhase section */
		63CE57E621ADB14C00962B65 /* Frameworks */ = {
			isa = PBXFrameworksBuildPhase;
			buildActionMask = 2147483647;
			files = (
				A7C798C129E4F20C009B3A4A /* FirebaseFacebookAuthUI in Frameworks */,
				A7C798BF29E4F20C009B3A4A /* FirebaseEmailAuthUI in Frameworks */,
				A7C798B129E4EA93009B3A4A /* FirebaseDatabaseSwift in Frameworks */,
				A7C798AF29E4EA93009B3A4A /* FirebaseDatabase in Frameworks */,
				A7C798B729E4EA93009B3A4A /* FirebaseStorage in Frameworks */,
				A7C798C729E4F3C8009B3A4A /* FirebaseGoogleAuthUI in Frameworks */,
				A7C798A929E4EA93009B3A4A /* FirebaseAnalyticsSwift in Frameworks */,
				A7C798AD29E4EA93009B3A4A /* FirebaseCrashlytics in Frameworks */,
				A7C798AB29E4EA93009B3A4A /* FirebaseAuth in Frameworks */,
				A7C798A729E4EA93009B3A4A /* FirebaseAnalytics in Frameworks */,
				A7C798BA29E4EBE4009B3A4A /* SquarePointOfSaleSDK in Frameworks */,
				A7C798C429E4F338009B3A4A /* SDWebImage in Frameworks */,
				A7C798B329E4EA93009B3A4A /* FirebaseFirestore in Frameworks */,
				A7C798BD29E4F20C009B3A4A /* FirebaseAuthUI in Frameworks */,
				A7C798B529E4EA93009B3A4A /* FirebaseFirestoreSwift in Frameworks */,
			);
			runOnlyForDeploymentPostprocessing = 0;
		};
/* End PBXFrameworksBuildPhase section */

/* Begin PBXGroup section */
		632650132208B98200138B8B /* Model */ = {
			isa = PBXGroup;
			children = (
				63BCC616221C721500CFEE8D /* MenuCollectionCell.swift */,
				63F2BBD82218DF960035368C /* YourOrderTableCell.swift */,
				6376CA0221B6056E000F9952 /* MenuItem.swift */,
				6376CA0021B60536000F9952 /* MenuItemCell.swift */,
			);
			path = Model;
			sourceTree = "<group>";
		};
		632650162208B9CC00138B8B /* ViewControllers */ = {
			isa = PBXGroup;
			children = (
				63D9B83C225BD7EE00C0FF5A /* PlaceOrderViewController.swift */,
				6376CA0521B6089F000F9952 /* MenuTableViewController.swift */,
				63265017220A0E9F00138B8B /* YourOrderViewController.swift */,
				63533AC1224EAE3C00A7B46F /* UserLoginViewController.swift */,
				63D9B83E225D184500C0FF5A /* ItemDetailViewController.swift */,
			);
			path = ViewControllers;
			sourceTree = "<group>";
		};
		63CE57E021ADB14C00962B65 = {
			isa = PBXGroup;
			children = (
				63CE57EB21ADB14C00962B65 /* WrapItUpPayments */,
				63D9B84B225E7F1300C0FF5A /* Wrap It Up Payments Tests */,
				63D9B859225E7F3000C0FF5A /* Wrap It Up Payments UITests */,
				63CE57EA21ADB14C00962B65 /* Products */,
				A7C798C529E4F3C8009B3A4A /* Frameworks */,
			);
			sourceTree = "<group>";
		};
		63CE57EA21ADB14C00962B65 /* Products */ = {
			isa = PBXGroup;
			children = (
				63CE57E921ADB14C00962B65 /* WrapItUpPayments.app */,
			);
			name = Products;
			sourceTree = "<group>";
		};
		63CE57EB21ADB14C00962B65 /* WrapItUpPayments */ = {
			isa = PBXGroup;
			children = (
				632650162208B9CC00138B8B /* ViewControllers */,
				632650132208B98200138B8B /* Model */,
				63CE57EC21ADB14C00962B65 /* AppDelegate.swift */,
				63CE57F021ADB14C00962B65 /* Main.storyboard */,
				63CE57F321ADB14F00962B65 /* Assets.xcassets */,
				63CE57F521ADB14F00962B65 /* LaunchScreen.storyboard */,
				63CE57F821ADB14F00962B65 /* Info.plist */,
				63533ABF224C33E900A7B46F /* GoogleService-Info.plist */,
			);
			path = WrapItUpPayments;
			sourceTree = "<group>";
		};
		63D9B84B225E7F1300C0FF5A /* Wrap It Up Payments Tests */ = {
			isa = PBXGroup;
			children = (
				63D9B84C225E7F1300C0FF5A /* Wrap_It_Up_Payments_Tests.swift */,
				63D9B84E225E7F1300C0FF5A /* Info.plist */,
			);
			path = "Wrap It Up Payments Tests";
			sourceTree = "<group>";
		};
		63D9B859225E7F3000C0FF5A /* Wrap It Up Payments UITests */ = {
			isa = PBXGroup;
			children = (
				63D9B85A225E7F3000C0FF5A /* Wrap_It_Up_Payments_UITests.swift */,
				63D9B85C225E7F3000C0FF5A /* Info.plist */,
			);
			path = "Wrap It Up Payments UITests";
			sourceTree = "<group>";
		};
		A7C798C529E4F3C8009B3A4A /* Frameworks */ = {
			isa = PBXGroup;
			children = (
			);
			name = Frameworks;
			sourceTree = "<group>";
		};
/* End PBXGroup section */

/* Begin PBXNativeTarget section */
		63CE57E821ADB14C00962B65 /* WrapItUpPayments */ = {
			isa = PBXNativeTarget;
			buildConfigurationList = 63CE581121ADB14F00962B65 /* Build configuration list for PBXNativeTarget "WrapItUpPayments" */;
			buildPhases = (
				63CE57E521ADB14C00962B65 /* Sources */,
				63CE57E621ADB14C00962B65 /* Frameworks */,
				63CE57E721ADB14C00962B65 /* Resources */,
			);
			buildRules = (
			);
			dependencies = (
			);
			name = WrapItUpPayments;
			packageProductDependencies = (
				A7C798A629E4EA93009B3A4A /* FirebaseAnalytics */,
				A7C798A829E4EA93009B3A4A /* FirebaseAnalyticsSwift */,
				A7C798AA29E4EA93009B3A4A /* FirebaseAuth */,
				A7C798AC29E4EA93009B3A4A /* FirebaseCrashlytics */,
				A7C798AE29E4EA93009B3A4A /* FirebaseDatabase */,
				A7C798B029E4EA93009B3A4A /* FirebaseDatabaseSwift */,
				A7C798B229E4EA93009B3A4A /* FirebaseFirestore */,
				A7C798B429E4EA93009B3A4A /* FirebaseFirestoreSwift */,
				A7C798B629E4EA93009B3A4A /* FirebaseStorage */,
				A7C798B929E4EBE4009B3A4A /* SquarePointOfSaleSDK */,
				A7C798BC29E4F20C009B3A4A /* FirebaseAuthUI */,
				A7C798BE29E4F20C009B3A4A /* FirebaseEmailAuthUI */,
				A7C798C029E4F20C009B3A4A /* FirebaseFacebookAuthUI */,
				A7C798C329E4F338009B3A4A /* SDWebImage */,
				A7C798C629E4F3C8009B3A4A /* FirebaseGoogleAuthUI */,
			);
			productName = FoodTruckPOS;
			productReference = 63CE57E921ADB14C00962B65 /* WrapItUpPayments.app */;
			productType = "com.apple.product-type.application";
		};
/* End PBXNativeTarget section */

/* Begin PBXProject section */
		63CE57E121ADB14C00962B65 /* Project object */ = {
			isa = PBXProject;
			attributes = {
				LastSwiftUpdateCheck = 1020;
				LastUpgradeCheck = 1010;
				ORGANIZATIONNAME = "Derik Gagnon";
				TargetAttributes = {
					63CE57E821ADB14C00962B65 = {
						CreatedOnToolsVersion = 10.1;
						LastSwiftMigration = 1020;
					};
				};
			};
			buildConfigurationList = 63CE57E421ADB14C00962B65 /* Build configuration list for PBXProject "WrapItUpPayments" */;
			compatibilityVersion = "Xcode 14.0";
			developmentRegion = en;
			hasScannedForEncodings = 0;
			knownRegions = (
				en,
				Base,
			);
			mainGroup = 63CE57E021ADB14C00962B65;
			packageReferences = (
				A7C798A529E4EA93009B3A4A /* XCRemoteSwiftPackageReference "firebase-ios-sdk" */,
				A7C798B829E4EBE4009B3A4A /* XCRemoteSwiftPackageReference "SquarePointOfSaleSDK-iOS" */,
				A7C798BB29E4F20B009B3A4A /* XCRemoteSwiftPackageReference "FirebaseUI-iOS" */,
				A7C798C229E4F338009B3A4A /* XCRemoteSwiftPackageReference "SDWebImage" */,
			);
			productRefGroup = 63CE57EA21ADB14C00962B65 /* Products */;
			projectDirPath = "";
			projectRoot = "";
			targets = (
				63CE57E821ADB14C00962B65 /* WrapItUpPayments */,
			);
		};
/* End PBXProject section */

/* Begin PBXResourcesBuildPhase section */
		63CE57E721ADB14C00962B65 /* Resources */ = {
			isa = PBXResourcesBuildPhase;
			buildActionMask = 2147483647;
			files = (
				63CE57F721ADB14F00962B65 /* LaunchScreen.storyboard in Resources */,
				63533AC0224C33E900A7B46F /* GoogleService-Info.plist in Resources */,
				63CE57F421ADB14F00962B65 /* Assets.xcassets in Resources */,
				63CE57F221ADB14C00962B65 /* Main.storyboard in Resources */,
			);
			runOnlyForDeploymentPostprocessing = 0;
		};
/* End PBXResourcesBuildPhase section */

/* Begin PBXSourcesBuildPhase section */
		63CE57E521ADB14C00962B65 /* Sources */ = {
			isa = PBXSourcesBuildPhase;
			buildActionMask = 2147483647;
			files = (
				63D9B83F225D184500C0FF5A /* ItemDetailViewController.swift in Sources */,
				6376CA0621B6089F000F9952 /* MenuTableViewController.swift in Sources */,
				6376CA0321B6056E000F9952 /* MenuItem.swift in Sources */,
				63D9B83D225BD7EE00C0FF5A /* PlaceOrderViewController.swift in Sources */,
				63F2BBD92218DF960035368C /* YourOrderTableCell.swift in Sources */,
				6376CA0121B60536000F9952 /* MenuItemCell.swift in Sources */,
				63BCC617221C721500CFEE8D /* MenuCollectionCell.swift in Sources */,
				63533AC2224EAE3C00A7B46F /* UserLoginViewController.swift in Sources */,
				63265018220A0E9F00138B8B /* YourOrderViewController.swift in Sources */,
				63CE57ED21ADB14C00962B65 /* AppDelegate.swift in Sources */,
			);
			runOnlyForDeploymentPostprocessing = 0;
		};
/* End PBXSourcesBuildPhase section */

/* Begin PBXVariantGroup section */
		63CE57F021ADB14C00962B65 /* Main.storyboard */ = {
			isa = PBXVariantGroup;
			children = (
				63CE57F121ADB14C00962B65 /* Base */,
			);
			name = Main.storyboard;
			sourceTree = "<group>";
		};
		63CE57F521ADB14F00962B65 /* LaunchScreen.storyboard */ = {
			isa = PBXVariantGroup;
			children = (
				63CE57F621ADB14F00962B65 /* Base */,
			);
			name = LaunchScreen.storyboard;
			sourceTree = "<group>";
		};
/* End PBXVariantGroup section */

/* Begin XCBuildConfiguration section */
		63CE580F21ADB14F00962B65 /* Debug */ = {
			isa = XCBuildConfiguration;
			buildSettings = {
				ALWAYS_SEARCH_USER_PATHS = NO;
				CLANG_ANALYZER_NONNULL = YES;
				CLANG_ANALYZER_NUMBER_OBJECT_CONVERSION = YES_AGGRESSIVE;
				CLANG_CXX_LANGUAGE_STANDARD = "gnu++14";
				CLANG_CXX_LIBRARY = "libc++";
				CLANG_ENABLE_MODULES = YES;
				CLANG_ENABLE_OBJC_ARC = YES;
				CLANG_ENABLE_OBJC_WEAK = YES;
				CLANG_WARN_BLOCK_CAPTURE_AUTORELEASING = YES;
				CLANG_WARN_BOOL_CONVERSION = YES;
				CLANG_WARN_COMMA = YES;
				CLANG_WARN_CONSTANT_CONVERSION = YES;
				CLANG_WARN_DEPRECATED_OBJC_IMPLEMENTATIONS = YES;
				CLANG_WARN_DIRECT_OBJC_ISA_USAGE = YES_ERROR;
				CLANG_WARN_DOCUMENTATION_COMMENTS = YES;
				CLANG_WARN_EMPTY_BODY = YES;
				CLANG_WARN_ENUM_CONVERSION = YES;
				CLANG_WARN_INFINITE_RECURSION = YES;
				CLANG_WARN_INT_CONVERSION = YES;
				CLANG_WARN_NON_LITERAL_NULL_CONVERSION = YES;
				CLANG_WARN_OBJC_IMPLICIT_RETAIN_SELF = YES;
				CLANG_WARN_OBJC_LITERAL_CONVERSION = YES;
				CLANG_WARN_OBJC_ROOT_CLASS = YES_ERROR;
				CLANG_WARN_RANGE_LOOP_ANALYSIS = YES;
				CLANG_WARN_STRICT_PROTOTYPES = YES;
				CLANG_WARN_SUSPICIOUS_MOVE = YES;
				CLANG_WARN_UNGUARDED_AVAILABILITY = YES_AGGRESSIVE;
				CLANG_WARN_UNREACHABLE_CODE = YES;
				CLANG_WARN__DUPLICATE_METHOD_MATCH = YES;
				CODE_SIGN_IDENTITY = "iPhone Developer";
				COPY_PHASE_STRIP = NO;
				DEBUG_INFORMATION_FORMAT = dwarf;
				ENABLE_STRICT_OBJC_MSGSEND = YES;
				ENABLE_TESTABILITY = YES;
				GCC_C_LANGUAGE_STANDARD = gnu11;
				GCC_DYNAMIC_NO_PIC = NO;
				GCC_NO_COMMON_BLOCKS = YES;
				GCC_OPTIMIZATION_LEVEL = 0;
				GCC_PREPROCESSOR_DEFINITIONS = (
					"DEBUG=1",
					"$(inherited)",
				);
				GCC_WARN_64_TO_32_BIT_CONVERSION = YES;
				GCC_WARN_ABOUT_RETURN_TYPE = YES_ERROR;
				GCC_WARN_UNDECLARED_SELECTOR = YES;
				GCC_WARN_UNINITIALIZED_AUTOS = YES_AGGRESSIVE;
				GCC_WARN_UNUSED_FUNCTION = YES;
				GCC_WARN_UNUSED_VARIABLE = YES;
				IPHONEOS_DEPLOYMENT_TARGET = 15.0;
				MTL_ENABLE_DEBUG_INFO = INCLUDE_SOURCE;
				MTL_FAST_MATH = YES;
				ONLY_ACTIVE_ARCH = YES;
				SDKROOT = iphoneos;
				SWIFT_ACTIVE_COMPILATION_CONDITIONS = DEBUG;
				SWIFT_OPTIMIZATION_LEVEL = "-Onone";
			};
			name = Debug;
		};
		63CE581021ADB14F00962B65 /* Release */ = {
			isa = XCBuildConfiguration;
			buildSettings = {
				ALWAYS_SEARCH_USER_PATHS = NO;
				CLANG_ANALYZER_NONNULL = YES;
				CLANG_ANALYZER_NUMBER_OBJECT_CONVERSION = YES_AGGRESSIVE;
				CLANG_CXX_LANGUAGE_STANDARD = "gnu++14";
				CLANG_CXX_LIBRARY = "libc++";
				CLANG_ENABLE_MODULES = YES;
				CLANG_ENABLE_OBJC_ARC = YES;
				CLANG_ENABLE_OBJC_WEAK = YES;
				CLANG_WARN_BLOCK_CAPTURE_AUTORELEASING = YES;
				CLANG_WARN_BOOL_CONVERSION = YES;
				CLANG_WARN_COMMA = YES;
				CLANG_WARN_CONSTANT_CONVERSION = YES;
				CLANG_WARN_DEPRECATED_OBJC_IMPLEMENTATIONS = YES;
				CLANG_WARN_DIRECT_OBJC_ISA_USAGE = YES_ERROR;
				CLANG_WARN_DOCUMENTATION_COMMENTS = YES;
				CLANG_WARN_EMPTY_BODY = YES;
				CLANG_WARN_ENUM_CONVERSION = YES;
				CLANG_WARN_INFINITE_RECURSION = YES;
				CLANG_WARN_INT_CONVERSION = YES;
				CLANG_WARN_NON_LITERAL_NULL_CONVERSION = YES;
				CLANG_WARN_OBJC_IMPLICIT_RETAIN_SELF = YES;
				CLANG_WARN_OBJC_LITERAL_CONVERSION = YES;
				CLANG_WARN_OBJC_ROOT_CLASS = YES_ERROR;
				CLANG_WARN_RANGE_LOOP_ANALYSIS = YES;
				CLANG_WARN_STRICT_PROTOTYPES = YES;
				CLANG_WARN_SUSPICIOUS_MOVE = YES;
				CLANG_WARN_UNGUARDED_AVAILABILITY = YES_AGGRESSIVE;
				CLANG_WARN_UNREACHABLE_CODE = YES;
				CLANG_WARN__DUPLICATE_METHOD_MATCH = YES;
				CODE_SIGN_IDENTITY = "iPhone Developer";
				COPY_PHASE_STRIP = NO;
				DEBUG_INFORMATION_FORMAT = "dwarf-with-dsym";
				ENABLE_NS_ASSERTIONS = NO;
				ENABLE_STRICT_OBJC_MSGSEND = YES;
				GCC_C_LANGUAGE_STANDARD = gnu11;
				GCC_NO_COMMON_BLOCKS = YES;
				GCC_WARN_64_TO_32_BIT_CONVERSION = YES;
				GCC_WARN_ABOUT_RETURN_TYPE = YES_ERROR;
				GCC_WARN_UNDECLARED_SELECTOR = YES;
				GCC_WARN_UNINITIALIZED_AUTOS = YES_AGGRESSIVE;
				GCC_WARN_UNUSED_FUNCTION = YES;
				GCC_WARN_UNUSED_VARIABLE = YES;
				IPHONEOS_DEPLOYMENT_TARGET = 15.0;
				MTL_ENABLE_DEBUG_INFO = NO;
				MTL_FAST_MATH = YES;
				SDKROOT = iphoneos;
				SWIFT_COMPILATION_MODE = wholemodule;
				SWIFT_OPTIMIZATION_LEVEL = "-O";
				VALIDATE_PRODUCT = YES;
			};
			name = Release;
		};
		63CE581221ADB14F00962B65 /* Debug */ = {
			isa = XCBuildConfiguration;
			buildSettings = {
				ASSETCATALOG_COMPILER_APPICON_NAME = AppIcon;
				CODE_SIGN_STYLE = Automatic;
				DEVELOPMENT_TEAM = VVLNAMCYVC;
				INFOPLIST_FILE = WrapItUpPayments/Info.plist;
				LD_RUNPATH_SEARCH_PATHS = (
					"$(inherited)",
					"@executable_path/Frameworks",
				);
				PRODUCT_BUNDLE_IDENTIFIER = com.derikGagnon.WrapItUpPayments;
				PRODUCT_NAME = "$(TARGET_NAME)";
				SWIFT_VERSION = 5.0;
				TARGETED_DEVICE_FAMILY = 2;
			};
			name = Debug;
		};
		63CE581321ADB14F00962B65 /* Release */ = {
			isa = XCBuildConfiguration;
			buildSettings = {
				ASSETCATALOG_COMPILER_APPICON_NAME = AppIcon;
				CODE_SIGN_STYLE = Automatic;
				DEVELOPMENT_TEAM = VVLNAMCYVC;
				INFOPLIST_FILE = WrapItUpPayments/Info.plist;
				LD_RUNPATH_SEARCH_PATHS = (
					"$(inherited)",
					"@executable_path/Frameworks",
				);
				PRODUCT_BUNDLE_IDENTIFIER = com.derikGagnon.WrapItUpPayments;
				PRODUCT_NAME = "$(TARGET_NAME)";
				SWIFT_VERSION = 5.0;
				TARGETED_DEVICE_FAMILY = 2;
			};
			name = Release;
		};
/* End XCBuildConfiguration section */

/* Begin XCConfigurationList section */
		63CE57E421ADB14C00962B65 /* Build configuration list for PBXProject "WrapItUpPayments" */ = {
			isa = XCConfigurationList;
			buildConfigurations = (
				63CE580F21ADB14F00962B65 /* Debug */,
				63CE581021ADB14F00962B65 /* Release */,
			);
			defaultConfigurationIsVisible = 0;
			defaultConfigurationName = Release;
		};
		63CE581121ADB14F00962B65 /* Build configuration list for PBXNativeTarget "WrapItUpPayments" */ = {
			isa = XCConfigurationList;
			buildConfigurations = (
				63CE581221ADB14F00962B65 /* Debug */,
				63CE581321ADB14F00962B65 /* Release */,
			);
			defaultConfigurationIsVisible = 0;
			defaultConfigurationName = Release;
		};
/* End XCConfigurationList section */

/* Begin XCRemoteSwiftPackageReference section */
		A7C798A529E4EA93009B3A4A /* XCRemoteSwiftPackageReference "firebase-ios-sdk" */ = {
			isa = XCRemoteSwiftPackageReference;
			repositoryURL = "https://github.com/firebase/firebase-ios-sdk";
			requirement = {
				kind = upToNextMajorVersion;
				minimumVersion = 10.0.0;
			};
		};
		A7C798B829E4EBE4009B3A4A /* XCRemoteSwiftPackageReference "SquarePointOfSaleSDK-iOS" */ = {
			isa = XCRemoteSwiftPackageReference;
			repositoryURL = "https://github.com/square/SquarePointOfSaleSDK-iOS";
			requirement = {
				kind = upToNextMajorVersion;
				minimumVersion = 3.0.0;
			};
		};
		A7C798BB29E4F20B009B3A4A /* XCRemoteSwiftPackageReference "FirebaseUI-iOS" */ = {
			isa = XCRemoteSwiftPackageReference;
			repositoryURL = "https://github.com/firebase/FirebaseUI-iOS.git";
			requirement = {
				kind = upToNextMajorVersion;
				minimumVersion = 12.0.0;
			};
		};
		A7C798C229E4F338009B3A4A /* XCRemoteSwiftPackageReference "SDWebImage" */ = {
			isa = XCRemoteSwiftPackageReference;
			repositoryURL = "https://github.com/SDWebImage/SDWebImage.git";
			requirement = {
				kind = upToNextMajorVersion;
				minimumVersion = 5.1.0;
			};
		};
/* End XCRemoteSwiftPackageReference section */

/* Begin XCSwiftPackageProductDependency section */
		A7C798A629E4EA93009B3A4A /* FirebaseAnalytics */ = {
			isa = XCSwiftPackageProductDependency;
			package = A7C798A529E4EA93009B3A4A /* XCRemoteSwiftPackageReference "firebase-ios-sdk" */;
			productName = FirebaseAnalytics;
		};
		A7C798A829E4EA93009B3A4A /* FirebaseAnalyticsSwift */ = {
			isa = XCSwiftPackageProductDependency;
			package = A7C798A529E4EA93009B3A4A /* XCRemoteSwiftPackageReference "firebase-ios-sdk" */;
			productName = FirebaseAnalyticsSwift;
		};
		A7C798AA29E4EA93009B3A4A /* FirebaseAuth */ = {
			isa = XCSwiftPackageProductDependency;
			package = A7C798A529E4EA93009B3A4A /* XCRemoteSwiftPackageReference "firebase-ios-sdk" */;
			productName = FirebaseAuth;
		};
		A7C798AC29E4EA93009B3A4A /* FirebaseCrashlytics */ = {
			isa = XCSwiftPackageProductDependency;
			package = A7C798A529E4EA93009B3A4A /* XCRemoteSwiftPackageReference "firebase-ios-sdk" */;
			productName = FirebaseCrashlytics;
		};
		A7C798AE29E4EA93009B3A4A /* FirebaseDatabase */ = {
			isa = XCSwiftPackageProductDependency;
			package = A7C798A529E4EA93009B3A4A /* XCRemoteSwiftPackageReference "firebase-ios-sdk" */;
			productName = FirebaseDatabase;
		};
		A7C798B029E4EA93009B3A4A /* FirebaseDatabaseSwift */ = {
			isa = XCSwiftPackageProductDependency;
			package = A7C798A529E4EA93009B3A4A /* XCRemoteSwiftPackageReference "firebase-ios-sdk" */;
			productName = FirebaseDatabaseSwift;
		};
		A7C798B229E4EA93009B3A4A /* FirebaseFirestore */ = {
			isa = XCSwiftPackageProductDependency;
			package = A7C798A529E4EA93009B3A4A /* XCRemoteSwiftPackageReference "firebase-ios-sdk" */;
			productName = FirebaseFirestore;
		};
		A7C798B429E4EA93009B3A4A /* FirebaseFirestoreSwift */ = {
			isa = XCSwiftPackageProductDependency;
			package = A7C798A529E4EA93009B3A4A /* XCRemoteSwiftPackageReference "firebase-ios-sdk" */;
			productName = FirebaseFirestoreSwift;
		};
		A7C798B629E4EA93009B3A4A /* FirebaseStorage */ = {
			isa = XCSwiftPackageProductDependency;
			package = A7C798A529E4EA93009B3A4A /* XCRemoteSwiftPackageReference "firebase-ios-sdk" */;
			productName = FirebaseStorage;
		};
		A7C798B929E4EBE4009B3A4A /* SquarePointOfSaleSDK */ = {
			isa = XCSwiftPackageProductDependency;
			package = A7C798B829E4EBE4009B3A4A /* XCRemoteSwiftPackageReference "SquarePointOfSaleSDK-iOS" */;
			productName = SquarePointOfSaleSDK;
		};
		A7C798BC29E4F20C009B3A4A /* FirebaseAuthUI */ = {
			isa = XCSwiftPackageProductDependency;
			package = A7C798BB29E4F20B009B3A4A /* XCRemoteSwiftPackageReference "FirebaseUI-iOS" */;
			productName = FirebaseAuthUI;
		};
		A7C798BE29E4F20C009B3A4A /* FirebaseEmailAuthUI */ = {
			isa = XCSwiftPackageProductDependency;
			package = A7C798BB29E4F20B009B3A4A /* XCRemoteSwiftPackageReference "FirebaseUI-iOS" */;
			productName = FirebaseEmailAuthUI;
		};
		A7C798C029E4F20C009B3A4A /* FirebaseFacebookAuthUI */ = {
			isa = XCSwiftPackageProductDependency;
			package = A7C798BB29E4F20B009B3A4A /* XCRemoteSwiftPackageReference "FirebaseUI-iOS" */;
			productName = FirebaseFacebookAuthUI;
		};
		A7C798C329E4F338009B3A4A /* SDWebImage */ = {
			isa = XCSwiftPackageProductDependency;
			package = A7C798C229E4F338009B3A4A /* XCRemoteSwiftPackageReference "SDWebImage" */;
			productName = SDWebImage;
		};
		A7C798C629E4F3C8009B3A4A /* FirebaseGoogleAuthUI */ = {
			isa = XCSwiftPackageProductDependency;
			package = A7C798BB29E4F20B009B3A4A /* XCRemoteSwiftPackageReference "FirebaseUI-iOS" */;
			productName = FirebaseGoogleAuthUI;
		};
/* End XCSwiftPackageProductDependency section */
	};
	rootObject = 63CE57E121ADB14C00962B65 /* Project object */;
}
