// !$*UTF8*$!
{
	archiveVersion = 1;
	classes = {
	};
	objectVersion = 50;
	objects = {

/* Begin PBXBuildFile section */
		63265018220A0E9F00138B8B /* YourOrderViewController.swift in Sources */ = {isa = PBXBuildFile; fileRef = 63265017220A0E9F00138B8B /* YourOrderViewController.swift */; };
		63533AC0224C33E900A7B46F /* GoogleService-Info.plist in Resources */ = {isa = PBXBuildFile; fileRef = 63533ABF224C33E900A7B46F /* GoogleService-Info.plist */; };
		63533AC2224EAE3C00A7B46F /* UserLoginViewController.swift in Sources */ = {isa = PBXBuildFile; fileRef = 63533AC1224EAE3C00A7B46F /* UserLoginViewController.swift */; };
		6376CA0121B60536000F9952 /* MenuItemCell.swift in Sources */ = {isa = PBXBuildFile; fileRef = 6376CA0021B60536000F9952 /* MenuItemCell.swift */; };
		6376CA0321B6056E000F9952 /* MenuItem.swift in Sources */ = {isa = PBXBuildFile; fileRef = 6376CA0221B6056E000F9952 /* MenuItem.swift */; };
		6376CA0621B6089F000F9952 /* MenuTableViewController.swift in Sources */ = {isa = PBXBuildFile; fileRef = 6376CA0521B6089F000F9952 /* MenuTableViewController.swift */; };
		63BCC617221C721500CFEE8D /* MenuCollectionCell.swift in Sources */ = {isa = PBXBuildFile; fileRef = 63BCC616221C721500CFEE8D /* MenuCollectionCell.swift */; };
		63CE57ED21ADB14C00962B65 /* AppDelegate.swift in Sources */ = {isa = PBXBuildFile; fileRef = 63CE57EC21ADB14C00962B65 /* AppDelegate.swift */; };
		63CE57F221ADB14C00962B65 /* Main.storyboard in Resources */ = {isa = PBXBuildFile; fileRef = 63CE57F021ADB14C00962B65 /* Main.storyboard */; };
		63CE57F421ADB14F00962B65 /* Assets.xcassets in Resources */ = {isa = PBXBuildFile; fileRef = 63CE57F321ADB14F00962B65 /* Assets.xcassets */; };
		63CE57F721ADB14F00962B65 /* LaunchScreen.storyboard in Resources */ = {isa = PBXBuildFile; fileRef = 63CE57F521ADB14F00962B65 /* LaunchScreen.storyboard */; };
		63D9B83D225BD7EE00C0FF5A /* PlaceOrderViewController.swift in Sources */ = {isa = PBXBuildFile; fileRef = 63D9B83C225BD7EE00C0FF5A /* PlaceOrderViewController.swift */; };
		63D9B83F225D184500C0FF5A /* ItemDetailViewController.swift in Sources */ = {isa = PBXBuildFile; fileRef = 63D9B83E225D184500C0FF5A /* ItemDetailViewController.swift */; };
		63F2BBD92218DF960035368C /* YourOrderTableCell.swift in Sources */ = {isa = PBXBuildFile; fileRef = 63F2BBD82218DF960035368C /* YourOrderTableCell.swift */; };
		DBACC47B1F6F0681727F5409 /* Pods_WrapItUpPayments.framework in Frameworks */ = {isa = PBXBuildFile; fileRef = 24D7F8CF11FD37A410C4502E /* Pods_WrapItUpPayments.framework */; };
/* End PBXBuildFile section */

/* Begin PBXFileReference section */
		0C16F0079F954D0D056E1F37 /* Pods-WrapItUpPayments.debug.xcconfig */ = {isa = PBXFileReference; includeInIndex = 1; lastKnownFileType = text.xcconfig; name = "Pods-WrapItUpPayments.debug.xcconfig"; path = "Target Support Files/Pods-WrapItUpPayments/Pods-WrapItUpPayments.debug.xcconfig"; sourceTree = "<group>"; };
		24D7F8CF11FD37A410C4502E /* Pods_WrapItUpPayments.framework */ = {isa = PBXFileReference; explicitFileType = wrapper.framework; includeInIndex = 0; path = Pods_WrapItUpPayments.framework; sourceTree = BUILT_PRODUCTS_DIR; };
		63265017220A0E9F00138B8B /* YourOrderViewController.swift */ = {isa = PBXFileReference; lastKnownFileType = sourcecode.swift; path = YourOrderViewController.swift; sourceTree = "<group>"; };
		63533ABF224C33E900A7B46F /* GoogleService-Info.plist */ = {isa = PBXFileReference; fileEncoding = 4; lastKnownFileType = text.plist.xml; path = "GoogleService-Info.plist"; sourceTree = "<group>"; };
		63533AC1224EAE3C00A7B46F /* UserLoginViewController.swift */ = {isa = PBXFileReference; lastKnownFileType = sourcecode.swift; path = UserLoginViewController.swift; sourceTree = "<group>"; };
		6376CA0021B60536000F9952 /* MenuItemCell.swift */ = {isa = PBXFileReference; lastKnownFileType = sourcecode.swift; path = MenuItemCell.swift; sourceTree = "<group>"; };
		6376CA0221B6056E000F9952 /* MenuItem.swift */ = {isa = PBXFileReference; lastKnownFileType = sourcecode.swift; path = MenuItem.swift; sourceTree = "<group>"; };
		6376CA0521B6089F000F9952 /* MenuTableViewController.swift */ = {isa = PBXFileReference; lastKnownFileType = sourcecode.swift; path = MenuTableViewController.swift; sourceTree = "<group>"; };
		63BCC616221C721500CFEE8D /* MenuCollectionCell.swift */ = {isa = PBXFileReference; fileEncoding = 4; lastKnownFileType = sourcecode.swift; path = MenuCollectionCell.swift; sourceTree = "<group>"; };
		63CE57E921ADB14C00962B65 /* WrapItUpPayments.app */ = {isa = PBXFileReference; explicitFileType = wrapper.application; includeInIndex = 0; path = WrapItUpPayments.app; sourceTree = BUILT_PRODUCTS_DIR; };
		63CE57EC21ADB14C00962B65 /* AppDelegate.swift */ = {isa = PBXFileReference; lastKnownFileType = sourcecode.swift; path = AppDelegate.swift; sourceTree = "<group>"; };
		63CE57F121ADB14C00962B65 /* Base */ = {isa = PBXFileReference; lastKnownFileType = file.storyboard; name = Base; path = Base.lproj/Main.storyboard; sourceTree = "<group>"; };
		63CE57F321ADB14F00962B65 /* Assets.xcassets */ = {isa = PBXFileReference; lastKnownFileType = folder.assetcatalog; path = Assets.xcassets; sourceTree = "<group>"; };
		63CE57F621ADB14F00962B65 /* Base */ = {isa = PBXFileReference; lastKnownFileType = file.storyboard; name = Base; path = Base.lproj/LaunchScreen.storyboard; sourceTree = "<group>"; };
		63CE57F821ADB14F00962B65 /* Info.plist */ = {isa = PBXFileReference; lastKnownFileType = text.plist.xml; path = Info.plist; sourceTree = "<group>"; };
		63D9B83C225BD7EE00C0FF5A /* PlaceOrderViewController.swift */ = {isa = PBXFileReference; fileEncoding = 4; lastKnownFileType = sourcecode.swift; path = PlaceOrderViewController.swift; sourceTree = "<group>"; };
		63D9B83E225D184500C0FF5A /* ItemDetailViewController.swift */ = {isa = PBXFileReference; lastKnownFileType = sourcecode.swift; path = ItemDetailViewController.swift; sourceTree = "<group>"; };
		63D9B84C225E7F1300C0FF5A /* Wrap_It_Up_Payments_Tests.swift */ = {isa = PBXFileReference; lastKnownFileType = sourcecode.swift; path = Wrap_It_Up_Payments_Tests.swift; sourceTree = "<group>"; };
		63D9B84E225E7F1300C0FF5A /* Info.plist */ = {isa = PBXFileReference; lastKnownFileType = text.plist.xml; path = Info.plist; sourceTree = "<group>"; };
		63D9B85A225E7F3000C0FF5A /* Wrap_It_Up_Payments_UITests.swift */ = {isa = PBXFileReference; lastKnownFileType = sourcecode.swift; path = Wrap_It_Up_Payments_UITests.swift; sourceTree = "<group>"; };
		63D9B85C225E7F3000C0FF5A /* Info.plist */ = {isa = PBXFileReference; lastKnownFileType = text.plist.xml; path = Info.plist; sourceTree = "<group>"; };
		63F2BBD82218DF960035368C /* YourOrderTableCell.swift */ = {isa = PBXFileReference; fileEncoding = 4; lastKnownFileType = sourcecode.swift; path = YourOrderTableCell.swift; sourceTree = "<group>"; };
		9A865A3B0176CF4B837BFD9B /* Pods-WrapItUpPayments.release.xcconfig */ = {isa = PBXFileReference; includeInIndex = 1; lastKnownFileType = text.xcconfig; name = "Pods-WrapItUpPayments.release.xcconfig"; path = "Target Support Files/Pods-WrapItUpPayments/Pods-WrapItUpPayments.release.xcconfig"; sourceTree = "<group>"; };
/* End PBXFileReference section */

/* Begin PBXFrameworksBuildPhase section */
		63CE57E621ADB14C00962B65 /* Frameworks */ = {
			isa = PBXFrameworksBuildPhase;
			buildActionMask = 2147483647;
			files = (
				DBACC47B1F6F0681727F5409 /* Pods_WrapItUpPayments.framework in Frameworks */,
			);
			runOnlyForDeploymentPostprocessing = 0;
		};
/* End PBXFrameworksBuildPhase section */

/* Begin PBXGroup section */
		4E7C95D296374D8904042186 /* Frameworks */ = {
			isa = PBXGroup;
			children = (
				24D7F8CF11FD37A410C4502E /* Pods_WrapItUpPayments.framework */,
			);
			name = Frameworks;
			sourceTree = "<group>";
		};
		632650132208B98200138B8B /* Model */ = {
			isa = PBXGroup;
			children = (
				63BCC616221C721500CFEE8D /* MenuCollectionCell.swift */,
				63F2BBD82218DF960035368C /* YourOrderTableCell.swift */,
				6376CA0221B6056E000F9952 /* MenuItem.swift */,
				6376CA0021B60536000F9952 /* MenuItemCell.swift */,
			);
			path = Model;
			sourceTree = "<group>";
		};
		632650162208B9CC00138B8B /* ViewControllers */ = {
			isa = PBXGroup;
			children = (
				63D9B83C225BD7EE00C0FF5A /* PlaceOrderViewController.swift */,
				6376CA0521B6089F000F9952 /* MenuTableViewController.swift */,
				63265017220A0E9F00138B8B /* YourOrderViewController.swift */,
				63533AC1224EAE3C00A7B46F /* UserLoginViewController.swift */,
				63D9B83E225D184500C0FF5A /* ItemDetailViewController.swift */,
			);
			path = ViewControllers;
			sourceTree = "<group>";
		};
		63CE57E021ADB14C00962B65 = {
			isa = PBXGroup;
			children = (
				63CE57EB21ADB14C00962B65 /* WrapItUpPayments */,
				63D9B84B225E7F1300C0FF5A /* Wrap It Up Payments Tests */,
				63D9B859225E7F3000C0FF5A /* Wrap It Up Payments UITests */,
				63CE57EA21ADB14C00962B65 /* Products */,
				670394F0F7627410B5392B69 /* Pods */,
				4E7C95D296374D8904042186 /* Frameworks */,
			);
			sourceTree = "<group>";
		};
		63CE57EA21ADB14C00962B65 /* Products */ = {
			isa = PBXGroup;
			children = (
				63CE57E921ADB14C00962B65 /* WrapItUpPayments.app */,
			);
			name = Products;
			sourceTree = "<group>";
		};
		63CE57EB21ADB14C00962B65 /* WrapItUpPayments */ = {
			isa = PBXGroup;
			children = (
				632650162208B9CC00138B8B /* ViewControllers */,
				632650132208B98200138B8B /* Model */,
				63CE57EC21ADB14C00962B65 /* AppDelegate.swift */,
				63CE57F021ADB14C00962B65 /* Main.storyboard */,
				63CE57F321ADB14F00962B65 /* Assets.xcassets */,
				63CE57F521ADB14F00962B65 /* LaunchScreen.storyboard */,
				63CE57F821ADB14F00962B65 /* Info.plist */,
				63533ABF224C33E900A7B46F /* GoogleService-Info.plist */,
			);
			path = WrapItUpPayments;
			sourceTree = "<group>";
		};
		63D9B84B225E7F1300C0FF5A /* Wrap It Up Payments Tests */ = {
			isa = PBXGroup;
			children = (
				63D9B84C225E7F1300C0FF5A /* Wrap_It_Up_Payments_Tests.swift */,
				63D9B84E225E7F1300C0FF5A /* Info.plist */,
			);
			path = "Wrap It Up Payments Tests";
			sourceTree = "<group>";
		};
		63D9B859225E7F3000C0FF5A /* Wrap It Up Payments UITests */ = {
			isa = PBXGroup;
			children = (
				63D9B85A225E7F3000C0FF5A /* Wrap_It_Up_Payments_UITests.swift */,
				63D9B85C225E7F3000C0FF5A /* Info.plist */,
			);
			path = "Wrap It Up Payments UITests";
			sourceTree = "<group>";
		};
		670394F0F7627410B5392B69 /* Pods */ = {
			isa = PBXGroup;
			children = (
				0C16F0079F954D0D056E1F37 /* Pods-WrapItUpPayments.debug.xcconfig */,
				9A865A3B0176CF4B837BFD9B /* Pods-WrapItUpPayments.release.xcconfig */,
			);
			path = Pods;
			sourceTree = "<group>";
		};
/* End PBXGroup section */

/* Begin PBXNativeTarget section */
		63CE57E821ADB14C00962B65 /* WrapItUpPayments */ = {
			isa = PBXNativeTarget;
			buildConfigurationList = 63CE581121ADB14F00962B65 /* Build configuration list for PBXNativeTarget "WrapItUpPayments" */;
			buildPhases = (
				628C6AF536AC2555BF72FE4A /* [CP] Check Pods Manifest.lock */,
				63CE57E521ADB14C00962B65 /* Sources */,
				63CE57E621ADB14C00962B65 /* Frameworks */,
				63CE57E721ADB14C00962B65 /* Resources */,
				DCAEB94E503F2BE0ABD460F4 /* [CP] Embed Pods Frameworks */,
				1A55C6EC5F6BC46E0C6BEA76 /* [CP] Copy Pods Resources */,
			);
			buildRules = (
			);
			dependencies = (
			);
			name = WrapItUpPayments;
			productName = FoodTruckPOS;
			productReference = 63CE57E921ADB14C00962B65 /* WrapItUpPayments.app */;
			productType = "com.apple.product-type.application";
		};
/* End PBXNativeTarget section */

/* Begin PBXProject section */
		63CE57E121ADB14C00962B65 /* Project object */ = {
			isa = PBXProject;
			attributes = {
				LastSwiftUpdateCheck = 1020;
				LastUpgradeCheck = 1010;
				ORGANIZATIONNAME = "Derik Gagnon";
				TargetAttributes = {
					63CE57E821ADB14C00962B65 = {
						CreatedOnToolsVersion = 10.1;
						LastSwiftMigration = 1020;
					};
				};
			};
			buildConfigurationList = 63CE57E421ADB14C00962B65 /* Build configuration list for PBXProject "WrapItUpPayments" */;
			compatibilityVersion = "Xcode 9.3";
			developmentRegion = en;
			hasScannedForEncodings = 0;
			knownRegions = (
				en,
				Base,
			);
			mainGroup = 63CE57E021ADB14C00962B65;
			productRefGroup = 63CE57EA21ADB14C00962B65 /* Products */;
			projectDirPath = "";
			projectRoot = "";
			targets = (
				63CE57E821ADB14C00962B65 /* WrapItUpPayments */,
			);
		};
/* End PBXProject section */

/* Begin PBXResourcesBuildPhase section */
		63CE57E721ADB14C00962B65 /* Resources */ = {
			isa = PBXResourcesBuildPhase;
			buildActionMask = 2147483647;
			files = (
				63CE57F721ADB14F00962B65 /* LaunchScreen.storyboard in Resources */,
				63533AC0224C33E900A7B46F /* GoogleService-Info.plist in Resources */,
				63CE57F421ADB14F00962B65 /* Assets.xcassets in Resources */,
				63CE57F221ADB14C00962B65 /* Main.storyboard in Resources */,
			);
			runOnlyForDeploymentPostprocessing = 0;
		};
/* End PBXResourcesBuildPhase section */

/* Begin PBXShellScriptBuildPhase section */
		1A55C6EC5F6BC46E0C6BEA76 /* [CP] Copy Pods Resources */ = {
			isa = PBXShellScriptBuildPhase;
			buildActionMask = 2147483647;
			files = (
			);
			inputFileListPaths = (
			);
			inputPaths = (
				"${PODS_ROOT}/Target Support Files/Pods-WrapItUpPayments/Pods-WrapItUpPayments-resources.sh",
				"${PODS_CONFIGURATION_BUILD_DIR}/FirebaseUI/FirebaseAnonymousAuthUI.bundle",
				"${PODS_CONFIGURATION_BUILD_DIR}/FirebaseUI/FirebaseAuthUI.bundle",
				"${PODS_CONFIGURATION_BUILD_DIR}/FirebaseUI/FirebaseEmailAuthUI.bundle",
				"${PODS_CONFIGURATION_BUILD_DIR}/FirebaseUI/FirebaseFacebookAuthUI.bundle",
				"${PODS_CONFIGURATION_BUILD_DIR}/FirebaseUI/FirebaseGoogleAuthUI.bundle",
				"${PODS_CONFIGURATION_BUILD_DIR}/FirebaseUI/FirebasePhoneAuthUI.bundle",
				"${PODS_CONFIGURATION_BUILD_DIR}/FirebaseUI/FirebaseTwitterAuthUI.bundle",
				"${PODS_ROOT}/GoogleSignIn/Resources/GoogleSignIn.bundle",
				"${PODS_ROOT}/TwitterKit/iOS/TwitterKit.framework/TwitterKitResources.bundle",
			);
			name = "[CP] Copy Pods Resources";
			outputFileListPaths = (
			);
			outputPaths = (
				"${TARGET_BUILD_DIR}/${UNLOCALIZED_RESOURCES_FOLDER_PATH}/FirebaseAnonymousAuthUI.bundle",
				"${TARGET_BUILD_DIR}/${UNLOCALIZED_RESOURCES_FOLDER_PATH}/FirebaseAuthUI.bundle",
				"${TARGET_BUILD_DIR}/${UNLOCALIZED_RESOURCES_FOLDER_PATH}/FirebaseEmailAuthUI.bundle",
				"${TARGET_BUILD_DIR}/${UNLOCALIZED_RESOURCES_FOLDER_PATH}/FirebaseFacebookAuthUI.bundle",
				"${TARGET_BUILD_DIR}/${UNLOCALIZED_RESOURCES_FOLDER_PATH}/FirebaseGoogleAuthUI.bundle",
				"${TARGET_BUILD_DIR}/${UNLOCALIZED_RESOURCES_FOLDER_PATH}/FirebasePhoneAuthUI.bundle",
				"${TARGET_BUILD_DIR}/${UNLOCALIZED_RESOURCES_FOLDER_PATH}/FirebaseTwitterAuthUI.bundle",
				"${TARGET_BUILD_DIR}/${UNLOCALIZED_RESOURCES_FOLDER_PATH}/GoogleSignIn.bundle",
				"${TARGET_BUILD_DIR}/${UNLOCALIZED_RESOURCES_FOLDER_PATH}/TwitterKitResources.bundle",
			);
			runOnlyForDeploymentPostprocessing = 0;
			shellPath = /bin/sh;
			shellScript = "\"${PODS_ROOT}/Target Support Files/Pods-WrapItUpPayments/Pods-WrapItUpPayments-resources.sh\"\n";
			showEnvVarsInLog = 0;
		};
		628C6AF536AC2555BF72FE4A /* [CP] Check Pods Manifest.lock */ = {
			isa = PBXShellScriptBuildPhase;
			buildActionMask = 2147483647;
			files = (
			);
			inputFileListPaths = (
			);
			inputPaths = (
				"${PODS_PODFILE_DIR_PATH}/Podfile.lock",
				"${PODS_ROOT}/Manifest.lock",
			);
			name = "[CP] Check Pods Manifest.lock";
			outputFileListPaths = (
			);
			outputPaths = (
				"$(DERIVED_FILE_DIR)/Pods-WrapItUpPayments-checkManifestLockResult.txt",
			);
			runOnlyForDeploymentPostprocessing = 0;
			shellPath = /bin/sh;
			shellScript = "diff \"${PODS_PODFILE_DIR_PATH}/Podfile.lock\" \"${PODS_ROOT}/Manifest.lock\" > /dev/null\nif [ $? != 0 ] ; then\n    # print error to STDERR\n    echo \"error: The sandbox is not in sync with the Podfile.lock. Run 'pod install' or update your CocoaPods installation.\" >&2\n    exit 1\nfi\n# This output is used by Xcode 'outputs' to avoid re-running this script phase.\necho \"SUCCESS\" > \"${SCRIPT_OUTPUT_FILE_0}\"\n";
			showEnvVarsInLog = 0;
		};
		DCAEB94E503F2BE0ABD460F4 /* [CP] Embed Pods Frameworks */ = {
			isa = PBXShellScriptBuildPhase;
			buildActionMask = 2147483647;
			files = (
			);
			inputFileListPaths = (
			);
			inputPaths = (
				"${PODS_ROOT}/Target Support Files/Pods-WrapItUpPayments/Pods-WrapItUpPayments-frameworks.sh",
				"${BUILT_PRODUCTS_DIR}/Bolts/Bolts.framework",
				"${BUILT_PRODUCTS_DIR}/BoringSSL-GRPC/openssl_grpc.framework",
				"${BUILT_PRODUCTS_DIR}/FBSDKCoreKit/FBSDKCoreKit.framework",
				"${BUILT_PRODUCTS_DIR}/FBSDKLoginKit/FBSDKLoginKit.framework",
				"${BUILT_PRODUCTS_DIR}/GTMSessionFetcher/GTMSessionFetcher.framework",
				"${BUILT_PRODUCTS_DIR}/GoogleToolboxForMac/GoogleToolboxForMac.framework",
				"${BUILT_PRODUCTS_DIR}/GoogleUtilities/GoogleUtilities.framework",
				"${BUILT_PRODUCTS_DIR}/Protobuf/Protobuf.framework",
				"${BUILT_PRODUCTS_DIR}/SDWebImage/SDWebImage.framework",
				"${BUILT_PRODUCTS_DIR}/SquarePointOfSaleSDK/SquarePointOfSaleSDK.framework",
				"${PODS_ROOT}/TwitterCore/iOS/TwitterCore.framework",
				"${PODS_ROOT}/TwitterKit/iOS/TwitterKit.framework",
				"${BUILT_PRODUCTS_DIR}/gRPC-C++/grpcpp.framework",
				"${BUILT_PRODUCTS_DIR}/gRPC-Core/grpc.framework",
				"${BUILT_PRODUCTS_DIR}/leveldb-library/leveldb.framework",
				"${BUILT_PRODUCTS_DIR}/nanopb/nanopb.framework",
			);
			name = "[CP] Embed Pods Frameworks";
			outputFileListPaths = (
			);
			outputPaths = (
				"${TARGET_BUILD_DIR}/${FRAMEWORKS_FOLDER_PATH}/Bolts.framework",
				"${TARGET_BUILD_DIR}/${FRAMEWORKS_FOLDER_PATH}/openssl_grpc.framework",
				"${TARGET_BUILD_DIR}/${FRAMEWORKS_FOLDER_PATH}/FBSDKCoreKit.framework",
				"${TARGET_BUILD_DIR}/${FRAMEWORKS_FOLDER_PATH}/FBSDKLoginKit.framework",
				"${TARGET_BUILD_DIR}/${FRAMEWORKS_FOLDER_PATH}/GTMSessionFetcher.framework",
				"${TARGET_BUILD_DIR}/${FRAMEWORKS_FOLDER_PATH}/GoogleToolboxForMac.framework",
				"${TARGET_BUILD_DIR}/${FRAMEWORKS_FOLDER_PATH}/GoogleUtilities.framework",
				"${TARGET_BUILD_DIR}/${FRAMEWORKS_FOLDER_PATH}/Protobuf.framework",
				"${TARGET_BUILD_DIR}/${FRAMEWORKS_FOLDER_PATH}/SDWebImage.framework",
				"${TARGET_BUILD_DIR}/${FRAMEWORKS_FOLDER_PATH}/SquarePointOfSaleSDK.framework",
				"${TARGET_BUILD_DIR}/${FRAMEWORKS_FOLDER_PATH}/TwitterCore.framework",
				"${TARGET_BUILD_DIR}/${FRAMEWORKS_FOLDER_PATH}/TwitterKit.framework",
				"${TARGET_BUILD_DIR}/${FRAMEWORKS_FOLDER_PATH}/grpcpp.framework",
				"${TARGET_BUILD_DIR}/${FRAMEWORKS_FOLDER_PATH}/grpc.framework",
				"${TARGET_BUILD_DIR}/${FRAMEWORKS_FOLDER_PATH}/leveldb.framework",
				"${TARGET_BUILD_DIR}/${FRAMEWORKS_FOLDER_PATH}/nanopb.framework",
			);
			runOnlyForDeploymentPostprocessing = 0;
			shellPath = /bin/sh;
			shellScript = "\"${PODS_ROOT}/Target Support Files/Pods-WrapItUpPayments/Pods-WrapItUpPayments-frameworks.sh\"\n";
			showEnvVarsInLog = 0;
		};
/* End PBXShellScriptBuildPhase section */

/* Begin PBXSourcesBuildPhase section */
		63CE57E521ADB14C00962B65 /* Sources */ = {
			isa = PBXSourcesBuildPhase;
			buildActionMask = 2147483647;
			files = (
				63D9B83F225D184500C0FF5A /* ItemDetailViewController.swift in Sources */,
				6376CA0621B6089F000F9952 /* MenuTableViewController.swift in Sources */,
				6376CA0321B6056E000F9952 /* MenuItem.swift in Sources */,
				63D9B83D225BD7EE00C0FF5A /* PlaceOrderViewController.swift in Sources */,
				63F2BBD92218DF960035368C /* YourOrderTableCell.swift in Sources */,
				6376CA0121B60536000F9952 /* MenuItemCell.swift in Sources */,
				63BCC617221C721500CFEE8D /* MenuCollectionCell.swift in Sources */,
				63533AC2224EAE3C00A7B46F /* UserLoginViewController.swift in Sources */,
				63265018220A0E9F00138B8B /* YourOrderViewController.swift in Sources */,
				63CE57ED21ADB14C00962B65 /* AppDelegate.swift in Sources */,
			);
			runOnlyForDeploymentPostprocessing = 0;
		};
/* End PBXSourcesBuildPhase section */

/* Begin PBXVariantGroup section */
		63CE57F021ADB14C00962B65 /* Main.storyboard */ = {
			isa = PBXVariantGroup;
			children = (
				63CE57F121ADB14C00962B65 /* Base */,
			);
			name = Main.storyboard;
			sourceTree = "<group>";
		};
		63CE57F521ADB14F00962B65 /* LaunchScreen.storyboard */ = {
			isa = PBXVariantGroup;
			children = (
				63CE57F621ADB14F00962B65 /* Base */,
			);
			name = LaunchScreen.storyboard;
			sourceTree = "<group>";
		};
/* End PBXVariantGroup section */

/* Begin XCBuildConfiguration section */
		63CE580F21ADB14F00962B65 /* Debug */ = {
			isa = XCBuildConfiguration;
			buildSettings = {
				ALWAYS_SEARCH_USER_PATHS = NO;
				CLANG_ANALYZER_NONNULL = YES;
				CLANG_ANALYZER_NUMBER_OBJECT_CONVERSION = YES_AGGRESSIVE;
				CLANG_CXX_LANGUAGE_STANDARD = "gnu++14";
				CLANG_CXX_LIBRARY = "libc++";
				CLANG_ENABLE_MODULES = YES;
				CLANG_ENABLE_OBJC_ARC = YES;
				CLANG_ENABLE_OBJC_WEAK = YES;
				CLANG_WARN_BLOCK_CAPTURE_AUTORELEASING = YES;
				CLANG_WARN_BOOL_CONVERSION = YES;
				CLANG_WARN_COMMA = YES;
				CLANG_WARN_CONSTANT_CONVERSION = YES;
				CLANG_WARN_DEPRECATED_OBJC_IMPLEMENTATIONS = YES;
				CLANG_WARN_DIRECT_OBJC_ISA_USAGE = YES_ERROR;
				CLANG_WARN_DOCUMENTATION_COMMENTS = YES;
				CLANG_WARN_EMPTY_BODY = YES;
				CLANG_WARN_ENUM_CONVERSION = YES;
				CLANG_WARN_INFINITE_RECURSION = YES;
				CLANG_WARN_INT_CONVERSION = YES;
				CLANG_WARN_NON_LITERAL_NULL_CONVERSION = YES;
				CLANG_WARN_OBJC_IMPLICIT_RETAIN_SELF = YES;
				CLANG_WARN_OBJC_LITERAL_CONVERSION = YES;
				CLANG_WARN_OBJC_ROOT_CLASS = YES_ERROR;
				CLANG_WARN_RANGE_LOOP_ANALYSIS = YES;
				CLANG_WARN_STRICT_PROTOTYPES = YES;
				CLANG_WARN_SUSPICIOUS_MOVE = YES;
				CLANG_WARN_UNGUARDED_AVAILABILITY = YES_AGGRESSIVE;
				CLANG_WARN_UNREACHABLE_CODE = YES;
				CLANG_WARN__DUPLICATE_METHOD_MATCH = YES;
				CODE_SIGN_IDENTITY = "iPhone Developer";
				COPY_PHASE_STRIP = NO;
				DEBUG_INFORMATION_FORMAT = dwarf;
				ENABLE_STRICT_OBJC_MSGSEND = YES;
				ENABLE_TESTABILITY = YES;
				GCC_C_LANGUAGE_STANDARD = gnu11;
				GCC_DYNAMIC_NO_PIC = NO;
				GCC_NO_COMMON_BLOCKS = YES;
				GCC_OPTIMIZATION_LEVEL = 0;
				GCC_PREPROCESSOR_DEFINITIONS = (
					"DEBUG=1",
					"$(inherited)",
				);
				GCC_WARN_64_TO_32_BIT_CONVERSION = YES;
				GCC_WARN_ABOUT_RETURN_TYPE = YES_ERROR;
				GCC_WARN_UNDECLARED_SELECTOR = YES;
				GCC_WARN_UNINITIALIZED_AUTOS = YES_AGGRESSIVE;
				GCC_WARN_UNUSED_FUNCTION = YES;
				GCC_WARN_UNUSED_VARIABLE = YES;
				IPHONEOS_DEPLOYMENT_TARGET = 12.1;
				MTL_ENABLE_DEBUG_INFO = INCLUDE_SOURCE;
				MTL_FAST_MATH = YES;
				ONLY_ACTIVE_ARCH = YES;
				SDKROOT = iphoneos;
				SWIFT_ACTIVE_COMPILATION_CONDITIONS = DEBUG;
				SWIFT_OPTIMIZATION_LEVEL = "-Onone";
			};
			name = Debug;
		};
		63CE581021ADB14F00962B65 /* Release */ = {
			isa = XCBuildConfiguration;
			buildSettings = {
				ALWAYS_SEARCH_USER_PATHS = NO;
				CLANG_ANALYZER_NONNULL = YES;
				CLANG_ANALYZER_NUMBER_OBJECT_CONVERSION = YES_AGGRESSIVE;
				CLANG_CXX_LANGUAGE_STANDARD = "gnu++14";
				CLANG_CXX_LIBRARY = "libc++";
				CLANG_ENABLE_MODULES = YES;
				CLANG_ENABLE_OBJC_ARC = YES;
				CLANG_ENABLE_OBJC_WEAK = YES;
				CLANG_WARN_BLOCK_CAPTURE_AUTORELEASING = YES;
				CLANG_WARN_BOOL_CONVERSION = YES;
				CLANG_WARN_COMMA = YES;
				CLANG_WARN_CONSTANT_CONVERSION = YES;
				CLANG_WARN_DEPRECATED_OBJC_IMPLEMENTATIONS = YES;
				CLANG_WARN_DIRECT_OBJC_ISA_USAGE = YES_ERROR;
				CLANG_WARN_DOCUMENTATION_COMMENTS = YES;
				CLANG_WARN_EMPTY_BODY = YES;
				CLANG_WARN_ENUM_CONVERSION = YES;
				CLANG_WARN_INFINITE_RECURSION = YES;
				CLANG_WARN_INT_CONVERSION = YES;
				CLANG_WARN_NON_LITERAL_NULL_CONVERSION = YES;
				CLANG_WARN_OBJC_IMPLICIT_RETAIN_SELF = YES;
				CLANG_WARN_OBJC_LITERAL_CONVERSION = YES;
				CLANG_WARN_OBJC_ROOT_CLASS = YES_ERROR;
				CLANG_WARN_RANGE_LOOP_ANALYSIS = YES;
				CLANG_WARN_STRICT_PROTOTYPES = YES;
				CLANG_WARN_SUSPICIOUS_MOVE = YES;
				CLANG_WARN_UNGUARDED_AVAILABILITY = YES_AGGRESSIVE;
				CLANG_WARN_UNREACHABLE_CODE = YES;
				CLANG_WARN__DUPLICATE_METHOD_MATCH = YES;
				CODE_SIGN_IDENTITY = "iPhone Developer";
				COPY_PHASE_STRIP = NO;
				DEBUG_INFORMATION_FORMAT = "dwarf-with-dsym";
				ENABLE_NS_ASSERTIONS = NO;
				ENABLE_STRICT_OBJC_MSGSEND = YES;
				GCC_C_LANGUAGE_STANDARD = gnu11;
				GCC_NO_COMMON_BLOCKS = YES;
				GCC_WARN_64_TO_32_BIT_CONVERSION = YES;
				GCC_WARN_ABOUT_RETURN_TYPE = YES_ERROR;
				GCC_WARN_UNDECLARED_SELECTOR = YES;
				GCC_WARN_UNINITIALIZED_AUTOS = YES_AGGRESSIVE;
				GCC_WARN_UNUSED_FUNCTION = YES;
				GCC_WARN_UNUSED_VARIABLE = YES;
				IPHONEOS_DEPLOYMENT_TARGET = 12.1;
				MTL_ENABLE_DEBUG_INFO = NO;
				MTL_FAST_MATH = YES;
				SDKROOT = iphoneos;
				SWIFT_COMPILATION_MODE = wholemodule;
				SWIFT_OPTIMIZATION_LEVEL = "-O";
				VALIDATE_PRODUCT = YES;
			};
			name = Release;
		};
		63CE581221ADB14F00962B65 /* Debug */ = {
			isa = XCBuildConfiguration;
			baseConfigurationReference = 0C16F0079F954D0D056E1F37 /* Pods-WrapItUpPayments.debug.xcconfig */;
			buildSettings = {
				ASSETCATALOG_COMPILER_APPICON_NAME = AppIcon;
				CODE_SIGN_STYLE = Automatic;
				DEVELOPMENT_TEAM = VVLNAMCYVC;
				INFOPLIST_FILE = WrapItUpPayments/Info.plist;
				LD_RUNPATH_SEARCH_PATHS = (
					"$(inherited)",
					"@executable_path/Frameworks",
				);
				PRODUCT_BUNDLE_IDENTIFIER = com.derikGagnon.WrapItUpPayments;
				PRODUCT_NAME = "$(TARGET_NAME)";
				SWIFT_VERSION = 5.0;
				TARGETED_DEVICE_FAMILY = 2;
			};
			name = Debug;
		};
		63CE581321ADB14F00962B65 /* Release */ = {
			isa = XCBuildConfiguration;
			baseConfigurationReference = 9A865A3B0176CF4B837BFD9B /* Pods-WrapItUpPayments.release.xcconfig */;
			buildSettings = {
				ASSETCATALOG_COMPILER_APPICON_NAME = AppIcon;
				CODE_SIGN_STYLE = Automatic;
				DEVELOPMENT_TEAM = VVLNAMCYVC;
				INFOPLIST_FILE = WrapItUpPayments/Info.plist;
				LD_RUNPATH_SEARCH_PATHS = (
					"$(inherited)",
					"@executable_path/Frameworks",
				);
				PRODUCT_BUNDLE_IDENTIFIER = com.derikGagnon.WrapItUpPayments;
				PRODUCT_NAME = "$(TARGET_NAME)";
				SWIFT_VERSION = 5.0;
				TARGETED_DEVICE_FAMILY = 2;
			};
			name = Release;
		};
/* End XCBuildConfiguration section */

/* Begin XCConfigurationList section */
		63CE57E421ADB14C00962B65 /* Build configuration list for PBXProject "WrapItUpPayments" */ = {
			isa = XCConfigurationList;
			buildConfigurations = (
				63CE580F21ADB14F00962B65 /* Debug */,
				63CE581021ADB14F00962B65 /* Release */,
			);
			defaultConfigurationIsVisible = 0;
			defaultConfigurationName = Release;
		};
		63CE581121ADB14F00962B65 /* Build configuration list for PBXNativeTarget "WrapItUpPayments" */ = {
			isa = XCConfigurationList;
			buildConfigurations = (
				63CE581221ADB14F00962B65 /* Debug */,
				63CE581321ADB14F00962B65 /* Release */,
			);
			defaultConfigurationIsVisible = 0;
			defaultConfigurationName = Release;
		};
/* End XCConfigurationList section */
	};
	rootObject = 63CE57E121ADB14C00962B65 /* Project object */;
}
