// !$*UTF8*$!
{
	archiveVersion = 1;
	classes = {
	};
	objectVersion = 50;
	objects = {

/* Begin PBXBuildFile section */
		632650152208B9BF00138B8B /* CustomCollectionCell.swift in Sources */ = {isa = PBXBuildFile; fileRef = 632650142208B9BF00138B8B /* CustomCollectionCell.swift */; };
		63265018220A0E9F00138B8B /* YourOrderViewController.swift in Sources */ = {isa = PBXBuildFile; fileRef = 63265017220A0E9F00138B8B /* YourOrderViewController.swift */; };
		6326501A220A0F2A00138B8B /* YourOrderTableCell.swift in Sources */ = {isa = PBXBuildFile; fileRef = 63265019220A0F2A00138B8B /* YourOrderTableCell.swift */; };
		6376CA0121B60536000F9952 /* MenuItemCell.swift in Sources */ = {isa = PBXBuildFile; fileRef = 6376CA0021B60536000F9952 /* MenuItemCell.swift */; };
		6376CA0321B6056E000F9952 /* MenuItem.swift in Sources */ = {isa = PBXBuildFile; fileRef = 6376CA0221B6056E000F9952 /* MenuItem.swift */; };
		6376CA0621B6089F000F9952 /* MenuItemTableViewController.swift in Sources */ = {isa = PBXBuildFile; fileRef = 6376CA0521B6089F000F9952 /* MenuItemTableViewController.swift */; };
		637EC51522137FFF00B5D88A /* Assets.xcassets in Resources */ = {isa = PBXBuildFile; fileRef = 637EC51222137FFF00B5D88A /* Assets.xcassets */; };
		63CE57ED21ADB14C00962B65 /* AppDelegate.swift in Sources */ = {isa = PBXBuildFile; fileRef = 63CE57EC21ADB14C00962B65 /* AppDelegate.swift */; };
		63CE57F221ADB14C00962B65 /* Main.storyboard in Resources */ = {isa = PBXBuildFile; fileRef = 63CE57F021ADB14C00962B65 /* Main.storyboard */; };
		63CE57F421ADB14F00962B65 /* Assets.xcassets in Resources */ = {isa = PBXBuildFile; fileRef = 63CE57F321ADB14F00962B65 /* Assets.xcassets */; };
		63CE57F721ADB14F00962B65 /* LaunchScreen.storyboard in Resources */ = {isa = PBXBuildFile; fileRef = 63CE57F521ADB14F00962B65 /* LaunchScreen.storyboard */; };
		63CE580221ADB14F00962B65 /* FoodTruckPOSTests.swift in Sources */ = {isa = PBXBuildFile; fileRef = 63CE580121ADB14F00962B65 /* FoodTruckPOSTests.swift */; };
		63CE580D21ADB14F00962B65 /* FoodTruckPOSUITests.swift in Sources */ = {isa = PBXBuildFile; fileRef = 63CE580C21ADB14F00962B65 /* FoodTruckPOSUITests.swift */; };
/* End PBXBuildFile section */

/* Begin PBXContainerItemProxy section */
		63CE57FE21ADB14F00962B65 /* PBXContainerItemProxy */ = {
			isa = PBXContainerItemProxy;
			containerPortal = 63CE57E121ADB14C00962B65 /* Project object */;
			proxyType = 1;
			remoteGlobalIDString = 63CE57E821ADB14C00962B65;
			remoteInfo = FoodTruckPOS;
		};
		63CE580921ADB14F00962B65 /* PBXContainerItemProxy */ = {
			isa = PBXContainerItemProxy;
			containerPortal = 63CE57E121ADB14C00962B65 /* Project object */;
			proxyType = 1;
			remoteGlobalIDString = 63CE57E821ADB14C00962B65;
			remoteInfo = FoodTruckPOS;
		};
/* End PBXContainerItemProxy section */

/* Begin PBXFileReference section */
		632650142208B9BF00138B8B /* CustomCollectionCell.swift */ = {isa = PBXFileReference; lastKnownFileType = sourcecode.swift; path = CustomCollectionCell.swift; sourceTree = "<group>"; };
		63265017220A0E9F00138B8B /* YourOrderViewController.swift */ = {isa = PBXFileReference; lastKnownFileType = sourcecode.swift; path = YourOrderViewController.swift; sourceTree = "<group>"; };
		63265019220A0F2A00138B8B /* YourOrderTableCell.swift */ = {isa = PBXFileReference; lastKnownFileType = sourcecode.swift; path = YourOrderTableCell.swift; sourceTree = "<group>"; };
		6376CA0021B60536000F9952 /* MenuItemCell.swift */ = {isa = PBXFileReference; lastKnownFileType = sourcecode.swift; path = MenuItemCell.swift; sourceTree = "<group>"; };
		6376CA0221B6056E000F9952 /* MenuItem.swift */ = {isa = PBXFileReference; lastKnownFileType = sourcecode.swift; path = MenuItem.swift; sourceTree = "<group>"; };
		6376CA0521B6089F000F9952 /* MenuItemTableViewController.swift */ = {isa = PBXFileReference; lastKnownFileType = sourcecode.swift; path = MenuItemTableViewController.swift; sourceTree = "<group>"; };
		637EC51222137FFF00B5D88A /* Assets.xcassets */ = {isa = PBXFileReference; lastKnownFileType = folder.assetcatalog; name = Assets.xcassets; path = FoodTruckPOS/Assets.xcassets; sourceTree = "<group>"; };
		63CE57E921ADB14C00962B65 /* FoodTruckPOS.app */ = {isa = PBXFileReference; explicitFileType = wrapper.application; includeInIndex = 0; path = FoodTruckPOS.app; sourceTree = BUILT_PRODUCTS_DIR; };
		63CE57EC21ADB14C00962B65 /* AppDelegate.swift */ = {isa = PBXFileReference; lastKnownFileType = sourcecode.swift; path = AppDelegate.swift; sourceTree = "<group>"; };
		63CE57F121ADB14C00962B65 /* Base */ = {isa = PBXFileReference; lastKnownFileType = file.storyboard; name = Base; path = Base.lproj/Main.storyboard; sourceTree = "<group>"; };
		63CE57F321ADB14F00962B65 /* Assets.xcassets */ = {isa = PBXFileReference; lastKnownFileType = folder.assetcatalog; path = Assets.xcassets; sourceTree = "<group>"; };
		63CE57F621ADB14F00962B65 /* Base */ = {isa = PBXFileReference; lastKnownFileType = file.storyboard; name = Base; path = Base.lproj/LaunchScreen.storyboard; sourceTree = "<group>"; };
		63CE57F821ADB14F00962B65 /* Info.plist */ = {isa = PBXFileReference; lastKnownFileType = text.plist.xml; path = Info.plist; sourceTree = "<group>"; };
		63CE57FD21ADB14F00962B65 /* FoodTruckPOSTests.xctest */ = {isa = PBXFileReference; explicitFileType = wrapper.cfbundle; includeInIndex = 0; path = FoodTruckPOSTests.xctest; sourceTree = BUILT_PRODUCTS_DIR; };
		63CE580121ADB14F00962B65 /* FoodTruckPOSTests.swift */ = {isa = PBXFileReference; lastKnownFileType = sourcecode.swift; path = FoodTruckPOSTests.swift; sourceTree = "<group>"; };
		63CE580321ADB14F00962B65 /* Info.plist */ = {isa = PBXFileReference; lastKnownFileType = text.plist.xml; path = Info.plist; sourceTree = "<group>"; };
		63CE580821ADB14F00962B65 /* FoodTruckPOSUITests.xctest */ = {isa = PBXFileReference; explicitFileType = wrapper.cfbundle; includeInIndex = 0; path = FoodTruckPOSUITests.xctest; sourceTree = BUILT_PRODUCTS_DIR; };
		63CE580C21ADB14F00962B65 /* FoodTruckPOSUITests.swift */ = {isa = PBXFileReference; lastKnownFileType = sourcecode.swift; path = FoodTruckPOSUITests.swift; sourceTree = "<group>"; };
		63CE580E21ADB14F00962B65 /* Info.plist */ = {isa = PBXFileReference; lastKnownFileType = text.plist.xml; path = Info.plist; sourceTree = "<group>"; };
/* End PBXFileReference section */

/* Begin PBXFrameworksBuildPhase section */
		63CE57E621ADB14C00962B65 /* Frameworks */ = {
			isa = PBXFrameworksBuildPhase;
			buildActionMask = 2147483647;
			files = (
			);
			runOnlyForDeploymentPostprocessing = 0;
		};
		63CE57FA21ADB14F00962B65 /* Frameworks */ = {
			isa = PBXFrameworksBuildPhase;
			buildActionMask = 2147483647;
			files = (
			);
			runOnlyForDeploymentPostprocessing = 0;
		};
		63CE580521ADB14F00962B65 /* Frameworks */ = {
			isa = PBXFrameworksBuildPhase;
			buildActionMask = 2147483647;
			files = (
			);
			runOnlyForDeploymentPostprocessing = 0;
		};
/* End PBXFrameworksBuildPhase section */

/* Begin PBXGroup section */
		632650132208B98200138B8B /* Model */ = {
			isa = PBXGroup;
			children = (
				6376CA0221B6056E000F9952 /* MenuItem.swift */,
				6376CA0021B60536000F9952 /* MenuItemCell.swift */,
				632650142208B9BF00138B8B /* CustomCollectionCell.swift */,
				63265019220A0F2A00138B8B /* YourOrderTableCell.swift */,
			);
			path = Model;
			sourceTree = "<group>";
		};
		632650162208B9CC00138B8B /* ViewControllers */ = {
			isa = PBXGroup;
			children = (
				6376CA0521B6089F000F9952 /* MenuItemTableViewController.swift */,
				63265017220A0E9F00138B8B /* YourOrderViewController.swift */,
			);
			path = ViewControllers;
			sourceTree = "<group>";
		};
		63CE57E021ADB14C00962B65 = {
			isa = PBXGroup;
			children = (
				637EC51222137FFF00B5D88A /* Assets.xcassets */,
				63CE57EB21ADB14C00962B65 /* FoodTruckPOS */,
				63CE580021ADB14F00962B65 /* FoodTruckPOSTests */,
				63CE580B21ADB14F00962B65 /* FoodTruckPOSUITests */,
				63CE57EA21ADB14C00962B65 /* Products */,
			);
			sourceTree = "<group>";
		};
		63CE57EA21ADB14C00962B65 /* Products */ = {
			isa = PBXGroup;
			children = (
				63CE57E921ADB14C00962B65 /* FoodTruckPOS.app */,
				63CE57FD21ADB14F00962B65 /* FoodTruckPOSTests.xctest */,
				63CE580821ADB14F00962B65 /* FoodTruckPOSUITests.xctest */,
			);
			name = Products;
			sourceTree = "<group>";
		};
		63CE57EB21ADB14C00962B65 /* FoodTruckPOS */ = {
			isa = PBXGroup;
			children = (
				632650162208B9CC00138B8B /* ViewControllers */,
				632650132208B98200138B8B /* Model */,
				63CE57EC21ADB14C00962B65 /* AppDelegate.swift */,
				63CE57F021ADB14C00962B65 /* Main.storyboard */,
				63CE57F321ADB14F00962B65 /* Assets.xcassets */,
				63CE57F521ADB14F00962B65 /* LaunchScreen.storyboard */,
				63CE57F821ADB14F00962B65 /* Info.plist */,
			);
			path = FoodTruckPOS;
			sourceTree = "<group>";
		};
		63CE580021ADB14F00962B65 /* FoodTruckPOSTests */ = {
			isa = PBXGroup;
			children = (
				63CE580121ADB14F00962B65 /* FoodTruckPOSTests.swift */,
				63CE580321ADB14F00962B65 /* Info.plist */,
			);
			path = FoodTruckPOSTests;
			sourceTree = "<group>";
		};
		63CE580B21ADB14F00962B65 /* FoodTruckPOSUITests */ = {
			isa = PBXGroup;
			children = (
				63CE580C21ADB14F00962B65 /* FoodTruckPOSUITests.swift */,
				63CE580E21ADB14F00962B65 /* Info.plist */,
			);
			path = FoodTruckPOSUITests;
			sourceTree = "<group>";
		};
/* End PBXGroup section */

/* Begin PBXNativeTarget section */
		63CE57E821ADB14C00962B65 /* FoodTruckPOS */ = {
			isa = PBXNativeTarget;
			buildConfigurationList = 63CE581121ADB14F00962B65 /* Build configuration list for PBXNativeTarget "FoodTruckPOS" */;
			buildPhases = (
				63CE57E521ADB14C00962B65 /* Sources */,
				63CE57E621ADB14C00962B65 /* Frameworks */,
				63CE57E721ADB14C00962B65 /* Resources */,
			);
			buildRules = (
			);
			dependencies = (
			);
			name = FoodTruckPOS;
			productName = FoodTruckPOS;
			productReference = 63CE57E921ADB14C00962B65 /* FoodTruckPOS.app */;
			productType = "com.apple.product-type.application";
		};
		63CE57FC21ADB14F00962B65 /* FoodTruckPOSTests */ = {
			isa = PBXNativeTarget;
			buildConfigurationList = 63CE581421ADB14F00962B65 /* Build configuration list for PBXNativeTarget "FoodTruckPOSTests" */;
			buildPhases = (
				63CE57F921ADB14F00962B65 /* Sources */,
				63CE57FA21ADB14F00962B65 /* Frameworks */,
				63CE57FB21ADB14F00962B65 /* Resources */,
			);
			buildRules = (
			);
			dependencies = (
				63CE57FF21ADB14F00962B65 /* PBXTargetDependency */,
			);
			name = FoodTruckPOSTests;
			productName = FoodTruckPOSTests;
			productReference = 63CE57FD21ADB14F00962B65 /* FoodTruckPOSTests.xctest */;
			productType = "com.apple.product-type.bundle.unit-test";
		};
		63CE580721ADB14F00962B65 /* FoodTruckPOSUITests */ = {
			isa = PBXNativeTarget;
			buildConfigurationList = 63CE581721ADB14F00962B65 /* Build configuration list for PBXNativeTarget "FoodTruckPOSUITests" */;
			buildPhases = (
				63CE580421ADB14F00962B65 /* Sources */,
				63CE580521ADB14F00962B65 /* Frameworks */,
				63CE580621ADB14F00962B65 /* Resources */,
			);
			buildRules = (
			);
			dependencies = (
				63CE580A21ADB14F00962B65 /* PBXTargetDependency */,
			);
			name = FoodTruckPOSUITests;
			productName = FoodTruckPOSUITests;
			productReference = 63CE580821ADB14F00962B65 /* FoodTruckPOSUITests.xctest */;
			productType = "com.apple.product-type.bundle.ui-testing";
		};
/* End PBXNativeTarget section */

/* Begin PBXProject section */
		63CE57E121ADB14C00962B65 /* Project object */ = {
			isa = PBXProject;
			attributes = {
				LastSwiftUpdateCheck = 1010;
				LastUpgradeCheck = 1010;
				ORGANIZATIONNAME = "Derik Gagnon";
				TargetAttributes = {
					63CE57E821ADB14C00962B65 = {
						CreatedOnToolsVersion = 10.1;
					};
					63CE57FC21ADB14F00962B65 = {
						CreatedOnToolsVersion = 10.1;
						TestTargetID = 63CE57E821ADB14C00962B65;
					};
					63CE580721ADB14F00962B65 = {
						CreatedOnToolsVersion = 10.1;
						TestTargetID = 63CE57E821ADB14C00962B65;
					};
				};
			};
			buildConfigurationList = 63CE57E421ADB14C00962B65 /* Build configuration list for PBXProject "FoodTruckPOS" */;
			compatibilityVersion = "Xcode 9.3";
			developmentRegion = en;
			hasScannedForEncodings = 0;
			knownRegions = (
				en,
				Base,
			);
			mainGroup = 63CE57E021ADB14C00962B65;
			productRefGroup = 63CE57EA21ADB14C00962B65 /* Products */;
			projectDirPath = "";
			projectRoot = "";
			targets = (
				63CE57E821ADB14C00962B65 /* FoodTruckPOS */,
				63CE57FC21ADB14F00962B65 /* FoodTruckPOSTests */,
				63CE580721ADB14F00962B65 /* FoodTruckPOSUITests */,
			);
		};
/* End PBXProject section */

/* Begin PBXResourcesBuildPhase section */
		63CE57E721ADB14C00962B65 /* Resources */ = {
			isa = PBXResourcesBuildPhase;
			buildActionMask = 2147483647;
			files = (
				63CE57F721ADB14F00962B65 /* LaunchScreen.storyboard in Resources */,
				63CE57F421ADB14F00962B65 /* Assets.xcassets in Resources */,
				63CE57F221ADB14C00962B65 /* Main.storyboard in Resources */,
				637EC51522137FFF00B5D88A /* Assets.xcassets in Resources */,
			);
			runOnlyForDeploymentPostprocessing = 0;
		};
		63CE57FB21ADB14F00962B65 /* Resources */ = {
			isa = PBXResourcesBuildPhase;
			buildActionMask = 2147483647;
			files = (
			);
			runOnlyForDeploymentPostprocessing = 0;
		};
		63CE580621ADB14F00962B65 /* Resources */ = {
			isa = PBXResourcesBuildPhase;
			buildActionMask = 2147483647;
			files = (
			);
			runOnlyForDeploymentPostprocessing = 0;
		};
/* End PBXResourcesBuildPhase section */

/* Begin PBXSourcesBuildPhase section */
		63CE57E521ADB14C00962B65 /* Sources */ = {
			isa = PBXSourcesBuildPhase;
			buildActionMask = 2147483647;
			files = (
				6376CA0621B6089F000F9952 /* MenuItemTableViewController.swift in Sources */,
				632650152208B9BF00138B8B /* CustomCollectionCell.swift in Sources */,
				6376CA0321B6056E000F9952 /* MenuItem.swift in Sources */,
				6376CA0121B60536000F9952 /* MenuItemCell.swift in Sources */,
				63265018220A0E9F00138B8B /* YourOrderViewController.swift in Sources */,
				63CE57ED21ADB14C00962B65 /* AppDelegate.swift in Sources */,
				6326501A220A0F2A00138B8B /* YourOrderTableCell.swift in Sources */,
			);
			runOnlyForDeploymentPostprocessing = 0;
		};
		63CE57F921ADB14F00962B65 /* Sources */ = {
			isa = PBXSourcesBuildPhase;
			buildActionMask = 2147483647;
			files = (
				63CE580221ADB14F00962B65 /* FoodTruckPOSTests.swift in Sources */,
			);
			runOnlyForDeploymentPostprocessing = 0;
		};
		63CE580421ADB14F00962B65 /* Sources */ = {
			isa = PBXSourcesBuildPhase;
			buildActionMask = 2147483647;
			files = (
				63CE580D21ADB14F00962B65 /* FoodTruckPOSUITests.swift in Sources */,
			);
			runOnlyForDeploymentPostprocessing = 0;
		};
/* End PBXSourcesBuildPhase section */

/* Begin PBXTargetDependency section */
		63CE57FF21ADB14F00962B65 /* PBXTargetDependency */ = {
			isa = PBXTargetDependency;
			target = 63CE57E821ADB14C00962B65 /* FoodTruckPOS */;
			targetProxy = 63CE57FE21ADB14F00962B65 /* PBXContainerItemProxy */;
		};
		63CE580A21ADB14F00962B65 /* PBXTargetDependency */ = {
			isa = PBXTargetDependency;
			target = 63CE57E821ADB14C00962B65 /* FoodTruckPOS */;
			targetProxy = 63CE580921ADB14F00962B65 /* PBXContainerItemProxy */;
		};
/* End PBXTargetDependency section */

/* Begin PBXVariantGroup section */
		63CE57F021ADB14C00962B65 /* Main.storyboard */ = {
			isa = PBXVariantGroup;
			children = (
				63CE57F121ADB14C00962B65 /* Base */,
			);
			name = Main.storyboard;
			sourceTree = "<group>";
		};
		63CE57F521ADB14F00962B65 /* LaunchScreen.storyboard */ = {
			isa = PBXVariantGroup;
			children = (
				63CE57F621ADB14F00962B65 /* Base */,
			);
			name = LaunchScreen.storyboard;
			sourceTree = "<group>";
		};
/* End PBXVariantGroup section */

/* Begin XCBuildConfiguration section */
		63CE580F21ADB14F00962B65 /* Debug */ = {
			isa = XCBuildConfiguration;
			buildSettings = {
				ALWAYS_SEARCH_USER_PATHS = NO;
				CLANG_ANALYZER_NONNULL = YES;
				CLANG_ANALYZER_NUMBER_OBJECT_CONVERSION = YES_AGGRESSIVE;
				CLANG_CXX_LANGUAGE_STANDARD = "gnu++14";
				CLANG_CXX_LIBRARY = "libc++";
				CLANG_ENABLE_MODULES = YES;
				CLANG_ENABLE_OBJC_ARC = YES;
				CLANG_ENABLE_OBJC_WEAK = YES;
				CLANG_WARN_BLOCK_CAPTURE_AUTORELEASING = YES;
				CLANG_WARN_BOOL_CONVERSION = YES;
				CLANG_WARN_COMMA = YES;
				CLANG_WARN_CONSTANT_CONVERSION = YES;
				CLANG_WARN_DEPRECATED_OBJC_IMPLEMENTATIONS = YES;
				CLANG_WARN_DIRECT_OBJC_ISA_USAGE = YES_ERROR;
				CLANG_WARN_DOCUMENTATION_COMMENTS = YES;
				CLANG_WARN_EMPTY_BODY = YES;
				CLANG_WARN_ENUM_CONVERSION = YES;
				CLANG_WARN_INFINITE_RECURSION = YES;
				CLANG_WARN_INT_CONVERSION = YES;
				CLANG_WARN_NON_LITERAL_NULL_CONVERSION = YES;
				CLANG_WARN_OBJC_IMPLICIT_RETAIN_SELF = YES;
				CLANG_WARN_OBJC_LITERAL_CONVERSION = YES;
				CLANG_WARN_OBJC_ROOT_CLASS = YES_ERROR;
				CLANG_WARN_RANGE_LOOP_ANALYSIS = YES;
				CLANG_WARN_STRICT_PROTOTYPES = YES;
				CLANG_WARN_SUSPICIOUS_MOVE = YES;
				CLANG_WARN_UNGUARDED_AVAILABILITY = YES_AGGRESSIVE;
				CLANG_WARN_UNREACHABLE_CODE = YES;
				CLANG_WARN__DUPLICATE_METHOD_MATCH = YES;
				CODE_SIGN_IDENTITY = "iPhone Developer";
				COPY_PHASE_STRIP = NO;
				DEBUG_INFORMATION_FORMAT = dwarf;
				ENABLE_STRICT_OBJC_MSGSEND = YES;
				ENABLE_TESTABILITY = YES;
				GCC_C_LANGUAGE_STANDARD = gnu11;
				GCC_DYNAMIC_NO_PIC = NO;
				GCC_NO_COMMON_BLOCKS = YES;
				GCC_OPTIMIZATION_LEVEL = 0;
				GCC_PREPROCESSOR_DEFINITIONS = (
					"DEBUG=1",
					"$(inherited)",
				);
				GCC_WARN_64_TO_32_BIT_CONVERSION = YES;
				GCC_WARN_ABOUT_RETURN_TYPE = YES_ERROR;
				GCC_WARN_UNDECLARED_SELECTOR = YES;
				GCC_WARN_UNINITIALIZED_AUTOS = YES_AGGRESSIVE;
				GCC_WARN_UNUSED_FUNCTION = YES;
				GCC_WARN_UNUSED_VARIABLE = YES;
				IPHONEOS_DEPLOYMENT_TARGET = 12.1;
				MTL_ENABLE_DEBUG_INFO = INCLUDE_SOURCE;
				MTL_FAST_MATH = YES;
				ONLY_ACTIVE_ARCH = YES;
				SDKROOT = iphoneos;
				SWIFT_ACTIVE_COMPILATION_CONDITIONS = DEBUG;
				SWIFT_OPTIMIZATION_LEVEL = "-Onone";
			};
			name = Debug;
		};
		63CE581021ADB14F00962B65 /* Release */ = {
			isa = XCBuildConfiguration;
			buildSettings = {
				ALWAYS_SEARCH_USER_PATHS = NO;
				CLANG_ANALYZER_NONNULL = YES;
				CLANG_ANALYZER_NUMBER_OBJECT_CONVERSION = YES_AGGRESSIVE;
				CLANG_CXX_LANGUAGE_STANDARD = "gnu++14";
				CLANG_CXX_LIBRARY = "libc++";
				CLANG_ENABLE_MODULES = YES;
				CLANG_ENABLE_OBJC_ARC = YES;
				CLANG_ENABLE_OBJC_WEAK = YES;
				CLANG_WARN_BLOCK_CAPTURE_AUTORELEASING = YES;
				CLANG_WARN_BOOL_CONVERSION = YES;
				CLANG_WARN_COMMA = YES;
				CLANG_WARN_CONSTANT_CONVERSION = YES;
				CLANG_WARN_DEPRECATED_OBJC_IMPLEMENTATIONS = YES;
				CLANG_WARN_DIRECT_OBJC_ISA_USAGE = YES_ERROR;
				CLANG_WARN_DOCUMENTATION_COMMENTS = YES;
				CLANG_WARN_EMPTY_BODY = YES;
				CLANG_WARN_ENUM_CONVERSION = YES;
				CLANG_WARN_INFINITE_RECURSION = YES;
				CLANG_WARN_INT_CONVERSION = YES;
				CLANG_WARN_NON_LITERAL_NULL_CONVERSION = YES;
				CLANG_WARN_OBJC_IMPLICIT_RETAIN_SELF = YES;
				CLANG_WARN_OBJC_LITERAL_CONVERSION = YES;
				CLANG_WARN_OBJC_ROOT_CLASS = YES_ERROR;
				CLANG_WARN_RANGE_LOOP_ANALYSIS = YES;
				CLANG_WARN_STRICT_PROTOTYPES = YES;
				CLANG_WARN_SUSPICIOUS_MOVE = YES;
				CLANG_WARN_UNGUARDED_AVAILABILITY = YES_AGGRESSIVE;
				CLANG_WARN_UNREACHABLE_CODE = YES;
				CLANG_WARN__DUPLICATE_METHOD_MATCH = YES;
				CODE_SIGN_IDENTITY = "iPhone Developer";
				COPY_PHASE_STRIP = NO;
				DEBUG_INFORMATION_FORMAT = "dwarf-with-dsym";
				ENABLE_NS_ASSERTIONS = NO;
				ENABLE_STRICT_OBJC_MSGSEND = YES;
				GCC_C_LANGUAGE_STANDARD = gnu11;
				GCC_NO_COMMON_BLOCKS = YES;
				GCC_WARN_64_TO_32_BIT_CONVERSION = YES;
				GCC_WARN_ABOUT_RETURN_TYPE = YES_ERROR;
				GCC_WARN_UNDECLARED_SELECTOR = YES;
				GCC_WARN_UNINITIALIZED_AUTOS = YES_AGGRESSIVE;
				GCC_WARN_UNUSED_FUNCTION = YES;
				GCC_WARN_UNUSED_VARIABLE = YES;
				IPHONEOS_DEPLOYMENT_TARGET = 12.1;
				MTL_ENABLE_DEBUG_INFO = NO;
				MTL_FAST_MATH = YES;
				SDKROOT = iphoneos;
				SWIFT_COMPILATION_MODE = wholemodule;
				SWIFT_OPTIMIZATION_LEVEL = "-O";
				VALIDATE_PRODUCT = YES;
			};
			name = Release;
		};
		63CE581221ADB14F00962B65 /* Debug */ = {
			isa = XCBuildConfiguration;
			buildSettings = {
				ASSETCATALOG_COMPILER_APPICON_NAME = AppIcon;
				CODE_SIGN_STYLE = Automatic;
				INFOPLIST_FILE = FoodTruckPOS/Info.plist;
				LD_RUNPATH_SEARCH_PATHS = (
					"$(inherited)",
					"@executable_path/Frameworks",
				);
				PRODUCT_BUNDLE_IDENTIFIER = undergrad.FoodTruckPOS;
				PRODUCT_NAME = "$(TARGET_NAME)";
				SWIFT_VERSION = 4.2;
				TARGETED_DEVICE_FAMILY = "1,2";
			};
			name = Debug;
		};
		63CE581321ADB14F00962B65 /* Release */ = {
			isa = XCBuildConfiguration;
			buildSettings = {
				ASSETCATALOG_COMPILER_APPICON_NAME = AppIcon;
				CODE_SIGN_STYLE = Automatic;
				INFOPLIST_FILE = FoodTruckPOS/Info.plist;
				LD_RUNPATH_SEARCH_PATHS = (
					"$(inherited)",
					"@executable_path/Frameworks",
				);
				PRODUCT_BUNDLE_IDENTIFIER = undergrad.FoodTruckPOS;
				PRODUCT_NAME = "$(TARGET_NAME)";
				SWIFT_VERSION = 4.2;
				TARGETED_DEVICE_FAMILY = "1,2";
			};
			name = Release;
		};
		63CE581521ADB14F00962B65 /* Debug */ = {
			isa = XCBuildConfiguration;
			buildSettings = {
				ALWAYS_EMBED_SWIFT_STANDARD_LIBRARIES = YES;
				BUNDLE_LOADER = "$(TEST_HOST)";
				CODE_SIGN_STYLE = Automatic;
				INFOPLIST_FILE = FoodTruckPOSTests/Info.plist;
				LD_RUNPATH_SEARCH_PATHS = (
					"$(inherited)",
					"@executable_path/Frameworks",
					"@loader_path/Frameworks",
				);
				PRODUCT_BUNDLE_IDENTIFIER = undergrad.FoodTruckPOSTests;
				PRODUCT_NAME = "$(TARGET_NAME)";
				SWIFT_VERSION = 4.2;
				TARGETED_DEVICE_FAMILY = "1,2";
				TEST_HOST = "$(BUILT_PRODUCTS_DIR)/FoodTruckPOS.app/FoodTruckPOS";
			};
			name = Debug;
		};
		63CE581621ADB14F00962B65 /* Release */ = {
			isa = XCBuildConfiguration;
			buildSettings = {
				ALWAYS_EMBED_SWIFT_STANDARD_LIBRARIES = YES;
				BUNDLE_LOADER = "$(TEST_HOST)";
				CODE_SIGN_STYLE = Automatic;
				INFOPLIST_FILE = FoodTruckPOSTests/Info.plist;
				LD_RUNPATH_SEARCH_PATHS = (
					"$(inherited)",
					"@executable_path/Frameworks",
					"@loader_path/Frameworks",
				);
				PRODUCT_BUNDLE_IDENTIFIER = undergrad.FoodTruckPOSTests;
				PRODUCT_NAME = "$(TARGET_NAME)";
				SWIFT_VERSION = 4.2;
				TARGETED_DEVICE_FAMILY = "1,2";
				TEST_HOST = "$(BUILT_PRODUCTS_DIR)/FoodTruckPOS.app/FoodTruckPOS";
			};
			name = Release;
		};
		63CE581821ADB14F00962B65 /* Debug */ = {
			isa = XCBuildConfiguration;
			buildSettings = {
				ALWAYS_EMBED_SWIFT_STANDARD_LIBRARIES = YES;
				CODE_SIGN_STYLE = Automatic;
				INFOPLIST_FILE = FoodTruckPOSUITests/Info.plist;
				LD_RUNPATH_SEARCH_PATHS = (
					"$(inherited)",
					"@executable_path/Frameworks",
					"@loader_path/Frameworks",
				);
				PRODUCT_BUNDLE_IDENTIFIER = undergrad.FoodTruckPOSUITests;
				PRODUCT_NAME = "$(TARGET_NAME)";
				SWIFT_VERSION = 4.2;
				TARGETED_DEVICE_FAMILY = "1,2";
				TEST_TARGET_NAME = FoodTruckPOS;
			};
			name = Debug;
		};
		63CE581921ADB14F00962B65 /* Release */ = {
			isa = XCBuildConfiguration;
			buildSettings = {
				ALWAYS_EMBED_SWIFT_STANDARD_LIBRARIES = YES;
				CODE_SIGN_STYLE = Automatic;
				INFOPLIST_FILE = FoodTruckPOSUITests/Info.plist;
				LD_RUNPATH_SEARCH_PATHS = (
					"$(inherited)",
					"@executable_path/Frameworks",
					"@loader_path/Frameworks",
				);
				PRODUCT_BUNDLE_IDENTIFIER = undergrad.FoodTruckPOSUITests;
				PRODUCT_NAME = "$(TARGET_NAME)";
				SWIFT_VERSION = 4.2;
				TARGETED_DEVICE_FAMILY = "1,2";
				TEST_TARGET_NAME = FoodTruckPOS;
			};
			name = Release;
		};
/* End XCBuildConfiguration section */

/* Begin XCConfigurationList section */
		63CE57E421ADB14C00962B65 /* Build configuration list for PBXProject "FoodTruckPOS" */ = {
			isa = XCConfigurationList;
			buildConfigurations = (
				63CE580F21ADB14F00962B65 /* Debug */,
				63CE581021ADB14F00962B65 /* Release */,
			);
			defaultConfigurationIsVisible = 0;
			defaultConfigurationName = Release;
		};
		63CE581121ADB14F00962B65 /* Build configuration list for PBXNativeTarget "FoodTruckPOS" */ = {
			isa = XCConfigurationList;
			buildConfigurations = (
				63CE581221ADB14F00962B65 /* Debug */,
				63CE581321ADB14F00962B65 /* Release */,
			);
			defaultConfigurationIsVisible = 0;
			defaultConfigurationName = Release;
		};
		63CE581421ADB14F00962B65 /* Build configuration list for PBXNativeTarget "FoodTruckPOSTests" */ = {
			isa = XCConfigurationList;
			buildConfigurations = (
				63CE581521ADB14F00962B65 /* Debug */,
				63CE581621ADB14F00962B65 /* Release */,
			);
			defaultConfigurationIsVisible = 0;
			defaultConfigurationName = Release;
		};
		63CE581721ADB14F00962B65 /* Build configuration list for PBXNativeTarget "FoodTruckPOSUITests" */ = {
			isa = XCConfigurationList;
			buildConfigurations = (
				63CE581821ADB14F00962B65 /* Debug */,
				63CE581921ADB14F00962B65 /* Release */,
			);
			defaultConfigurationIsVisible = 0;
			defaultConfigurationName = Release;
		};
/* End XCConfigurationList section */
	};
	rootObject = 63CE57E121ADB14C00962B65 /* Project object */;
}
